// !$*UTF8*$!
{
	archiveVersion = 1;
	classes = {
	};
	objectVersion = 46;
	objects = {

/* Begin PBXBuildFile section */
		592A9F251B035095006B63D9 /* loading.swift in Sources */ = {isa = PBXBuildFile; fileRef = 592A9F241B035095006B63D9 /* loading.swift */; };
		592F90741B03249E00B9969B /* DaiDodgeKeyboard+AccessObject.m in Sources */ = {isa = PBXBuildFile; fileRef = 592F906B1B03249E00B9969B /* DaiDodgeKeyboard+AccessObject.m */; };
		592F90751B03249E00B9969B /* DaiDodgeKeyboard+Animation.m in Sources */ = {isa = PBXBuildFile; fileRef = 592F906D1B03249E00B9969B /* DaiDodgeKeyboard+Animation.m */; };
		592F90761B03249E00B9969B /* DaiDodgeKeyboard.m in Sources */ = {isa = PBXBuildFile; fileRef = 592F906F1B03249E00B9969B /* DaiDodgeKeyboard.m */; };
		592F90771B03249E00B9969B /* DaiDodgeKeyboardObjects.m in Sources */ = {isa = PBXBuildFile; fileRef = 592F90711B03249E00B9969B /* DaiDodgeKeyboardObjects.m */; };
		592F90781B03249E00B9969B /* UIView+FirstResponderNotify.m in Sources */ = {isa = PBXBuildFile; fileRef = 592F90731B03249E00B9969B /* UIView+FirstResponderNotify.m */; };
		594E5B4F1AFA102500218DA5 /* NewPersonCenterViewController.swift in Sources */ = {isa = PBXBuildFile; fileRef = 594E5B4E1AFA102500218DA5 /* NewPersonCenterViewController.swift */; };
		595C8DC51B07317800989977 /* NavigationExtension.swift in Sources */ = {isa = PBXBuildFile; fileRef = 595C8DC41B07317800989977 /* NavigationExtension.swift */; };
		598A77841AF9E48600DE4271 /* TabBarViewController.swift in Sources */ = {isa = PBXBuildFile; fileRef = 598A77831AF9E48600DE4271 /* TabBarViewController.swift */; };
		59BEC4191B05CD5300F5690D /* UserMoneyViewController.swift in Sources */ = {isa = PBXBuildFile; fileRef = 59BEC4181B05CD5300F5690D /* UserMoneyViewController.swift */; };
		59BEC41B1B07124200F5690D /* BidRecordViewController.swift in Sources */ = {isa = PBXBuildFile; fileRef = 59BEC41A1B07124200F5690D /* BidRecordViewController.swift */; };
		59D214BB1AFC9AD800677C26 /* AlertView.swift in Sources */ = {isa = PBXBuildFile; fileRef = 59D214BA1AFC9AD800677C26 /* AlertView.swift */; };
		D8B251181B0041AE00360F4E /* Reachability.m in Sources */ = {isa = PBXBuildFile; fileRef = D8B251171B0041AE00360F4E /* Reachability.m */; };
		D8B2511A1B00460B00360F4E /* SystemConfiguration.framework in Frameworks */ = {isa = PBXBuildFile; fileRef = D8B251191B00460B00360F4E /* SystemConfiguration.framework */; };
		D8B2511C1B004B8600360F4E /* Constant.swift in Sources */ = {isa = PBXBuildFile; fileRef = D8B2511B1B004B8600360F4E /* Constant.swift */; };
		E90EA2721ABFA37A006D22E6 /* AFHTTPRequestOperation.m in Sources */ = {isa = PBXBuildFile; fileRef = E90EA2601ABFA37A006D22E6 /* AFHTTPRequestOperation.m */; };
		E90EA2731ABFA37A006D22E6 /* AFHTTPRequestOperationManager.m in Sources */ = {isa = PBXBuildFile; fileRef = E90EA2621ABFA37A006D22E6 /* AFHTTPRequestOperationManager.m */; };
		E90EA2741ABFA37A006D22E6 /* AFHTTPSessionManager.m in Sources */ = {isa = PBXBuildFile; fileRef = E90EA2641ABFA37A006D22E6 /* AFHTTPSessionManager.m */; };
		E90EA2751ABFA37A006D22E6 /* AFNetworkReachabilityManager.m in Sources */ = {isa = PBXBuildFile; fileRef = E90EA2671ABFA37A006D22E6 /* AFNetworkReachabilityManager.m */; };
		E90EA2761ABFA37A006D22E6 /* AFSecurityPolicy.m in Sources */ = {isa = PBXBuildFile; fileRef = E90EA2691ABFA37A006D22E6 /* AFSecurityPolicy.m */; };
		E90EA2771ABFA37A006D22E6 /* AFURLConnectionOperation.m in Sources */ = {isa = PBXBuildFile; fileRef = E90EA26B1ABFA37A006D22E6 /* AFURLConnectionOperation.m */; };
		E90EA2781ABFA37A006D22E6 /* AFURLRequestSerialization.m in Sources */ = {isa = PBXBuildFile; fileRef = E90EA26D1ABFA37A006D22E6 /* AFURLRequestSerialization.m */; };
		E90EA2791ABFA37A006D22E6 /* AFURLResponseSerialization.m in Sources */ = {isa = PBXBuildFile; fileRef = E90EA26F1ABFA37A006D22E6 /* AFURLResponseSerialization.m */; };
		E90EA27A1ABFA37A006D22E6 /* AFURLSessionManager.m in Sources */ = {isa = PBXBuildFile; fileRef = E90EA2711ABFA37A006D22E6 /* AFURLSessionManager.m */; };
		E90EA27C1ABFAB5D006D22E6 /* LoginViewController.swift in Sources */ = {isa = PBXBuildFile; fileRef = E90EA27B1ABFAB5D006D22E6 /* LoginViewController.swift */; };
		E93714CA1B074F79009B9B80 /* ModifyLoginPasswordViewController.swift in Sources */ = {isa = PBXBuildFile; fileRef = E93714C91B074F79009B9B80 /* ModifyLoginPasswordViewController.swift */; };
		E93732B11ACA32F600423B7E /* MyMenuTableViewController.swift in Sources */ = {isa = PBXBuildFile; fileRef = E93732B01ACA32F600423B7E /* MyMenuTableViewController.swift */; };
		E93B725E1B070DDE00B28672 /* InvestorSummaryTableViewController.swift in Sources */ = {isa = PBXBuildFile; fileRef = E93B725D1B070DDE00B28672 /* InvestorSummaryTableViewController.swift */; };
		E94E95A51B0AD34F00E717DE /* CACustomTextLayer.m in Sources */ = {isa = PBXBuildFile; fileRef = E94E95A21B0AD34F00E717DE /* CACustomTextLayer.m */; };
		E94E95A61B0AD34F00E717DE /* NJDBezierCurve.m in Sources */ = {isa = PBXBuildFile; fileRef = E94E95A41B0AD34F00E717DE /* NJDBezierCurve.m */; };
		E94E95A81B0AD3DD00E717DE /* Main.storyboard in Resources */ = {isa = PBXBuildFile; fileRef = E94E95A71B0AD3DD00E717DE /* Main.storyboard */; };
		E95684F21B06D8FA00F46FF0 /* AccountInfoTableViewController.swift in Sources */ = {isa = PBXBuildFile; fileRef = E95684F11B06D8FA00F46FF0 /* AccountInfoTableViewController.swift */; };
		E961E1241AC8DCBC0021ED14 /* RECommonFunctions.m in Sources */ = {isa = PBXBuildFile; fileRef = E961E11B1AC8DCBC0021ED14 /* RECommonFunctions.m */; };
		E961E1251AC8DCBC0021ED14 /* REMenu.m in Sources */ = {isa = PBXBuildFile; fileRef = E961E11D1AC8DCBC0021ED14 /* REMenu.m */; };
		E961E1261AC8DCBC0021ED14 /* REMenuContainerView.m in Sources */ = {isa = PBXBuildFile; fileRef = E961E11F1AC8DCBC0021ED14 /* REMenuContainerView.m */; };
		E961E1271AC8DCBC0021ED14 /* REMenuItem.m in Sources */ = {isa = PBXBuildFile; fileRef = E961E1211AC8DCBC0021ED14 /* REMenuItem.m */; };
		E961E1281AC8DCBC0021ED14 /* REMenuItemView.m in Sources */ = {isa = PBXBuildFile; fileRef = E961E1231AC8DCBC0021ED14 /* REMenuItemView.m */; };
		E96B1E731AB6BFB300C61870 /* AllListViewController.swift in Sources */ = {isa = PBXBuildFile; fileRef = E96B1E721AB6BFB300C61870 /* AllListViewController.swift */; };
		E96B2ED21B0833A500B4197B /* ModifyPinPasswordViewController.swift in Sources */ = {isa = PBXBuildFile; fileRef = E96B2ED11B0833A500B4197B /* ModifyPinPasswordViewController.swift */; };
		E96B2F081B08673900B4197B /* MDRadialProgressLabel.m in Sources */ = {isa = PBXBuildFile; fileRef = E96B2F031B08673900B4197B /* MDRadialProgressLabel.m */; };
		E96B2F091B08673900B4197B /* MDRadialProgressTheme.m in Sources */ = {isa = PBXBuildFile; fileRef = E96B2F051B08673900B4197B /* MDRadialProgressTheme.m */; };
		E96B2F0A1B08673900B4197B /* MDRadialProgressView.m in Sources */ = {isa = PBXBuildFile; fileRef = E96B2F071B08673900B4197B /* MDRadialProgressView.m */; };
		E977F3F41AC540E7008C2F8A /* RegisterViewController.swift in Sources */ = {isa = PBXBuildFile; fileRef = E977F3F31AC540E7008C2F8A /* RegisterViewController.swift */; };
		E9B9EF4C1AC8E00600E46714 /* BidListViewController.swift in Sources */ = {isa = PBXBuildFile; fileRef = E9B9EF4B1AC8E00600E46714 /* BidListViewController.swift */; };
		E9BEE1AD1AC24CF10049600C /* HttpController.swift in Sources */ = {isa = PBXBuildFile; fileRef = E9BEE1AC1AC24CF10049600C /* HttpController.swift */; };
		E9BEE1AF1AC24D7E0049600C /* baseClass.swift in Sources */ = {isa = PBXBuildFile; fileRef = E9BEE1AE1AC24D7E0049600C /* baseClass.swift */; };
		E9C544C41AE8914800B50D8C /* BidConfirmViewController.swift in Sources */ = {isa = PBXBuildFile; fileRef = E9C544C31AE8914800B50D8C /* BidConfirmViewController.swift */; };
		E9C54E061AB7BCD400D4722C /* LendDetailViewController.swift in Sources */ = {isa = PBXBuildFile; fileRef = E9C54E051AB7BCD400D4722C /* LendDetailViewController.swift */; };
		E9C605B21ABBB9C500752D91 /* Refresh.swift in Sources */ = {isa = PBXBuildFile; fileRef = E9C605AC1ABBB9C500752D91 /* Refresh.swift */; };
		E9C605B31ABBB9C500752D91 /* RefreshBaseView.swift in Sources */ = {isa = PBXBuildFile; fileRef = E9C605AD1ABBB9C500752D91 /* RefreshBaseView.swift */; };
		E9C605B41ABBB9C500752D91 /* RefreshConst.swift in Sources */ = {isa = PBXBuildFile; fileRef = E9C605AE1ABBB9C500752D91 /* RefreshConst.swift */; };
		E9C605B51ABBB9C500752D91 /* RefreshFooterView.swift in Sources */ = {isa = PBXBuildFile; fileRef = E9C605AF1ABBB9C500752D91 /* RefreshFooterView.swift */; };
		E9C605B61ABBB9C500752D91 /* RefreshHeaderView.swift in Sources */ = {isa = PBXBuildFile; fileRef = E9C605B01ABBB9C500752D91 /* RefreshHeaderView.swift */; };
		E9C605B71ABBB9C500752D91 /* UIScrollView+Refresh.swift in Sources */ = {isa = PBXBuildFile; fileRef = E9C605B11ABBB9C500752D91 /* UIScrollView+Refresh.swift */; };
		E9C70C061AC0FB2100E1CA8D /* MoreViewController.swift in Sources */ = {isa = PBXBuildFile; fileRef = E9C70C051AC0FB2100E1CA8D /* MoreViewController.swift */; };
		E9C70C081AC1035B00E1CA8D /* IdeaViewController.swift in Sources */ = {isa = PBXBuildFile; fileRef = E9C70C071AC1035B00E1CA8D /* IdeaViewController.swift */; };
		E9C70C0A1AC108AC00E1CA8D /* AboutViewController.swift in Sources */ = {isa = PBXBuildFile; fileRef = E9C70C091AC108AC00E1CA8D /* AboutViewController.swift */; };
		E9D6604D1AB1313B0020982D /* AppDelegate.swift in Sources */ = {isa = PBXBuildFile; fileRef = E9D6604C1AB1313B0020982D /* AppDelegate.swift */; };
		E9D6604F1AB1313B0020982D /* LendViewController.swift in Sources */ = {isa = PBXBuildFile; fileRef = E9D6604E1AB1313B0020982D /* LendViewController.swift */; };
		E9D660541AB1313B0020982D /* Images.xcassets in Resources */ = {isa = PBXBuildFile; fileRef = E9D660531AB1313B0020982D /* Images.xcassets */; };
		E9D660571AB1313B0020982D /* LaunchScreen.xib in Resources */ = {isa = PBXBuildFile; fileRef = E9D660551AB1313B0020982D /* LaunchScreen.xib */; };
		E9D660631AB1313B0020982D /* ____Tests.swift in Sources */ = {isa = PBXBuildFile; fileRef = E9D660621AB1313B0020982D /* ____Tests.swift */; };
		E9E304041B09A6A90021D006 /* SetPinPasswordViewController.swift in Sources */ = {isa = PBXBuildFile; fileRef = E9E304031B09A6A90021D006 /* SetPinPasswordViewController.swift */; };
		E9E304061B09AAD20021D006 /* AccountSafeTableViewController.swift in Sources */ = {isa = PBXBuildFile; fileRef = E9E304051B09AAD20021D006 /* AccountSafeTableViewController.swift */; };
		E9E5211F1B05E3D900A41EEA /* YYCycleScrollView.swift in Sources */ = {isa = PBXBuildFile; fileRef = E9E5211E1B05E3D900A41EEA /* YYCycleScrollView.swift */; };
		E9E8E9461B0B22FA0074F41A /* ContentViewController.swift in Sources */ = {isa = PBXBuildFile; fileRef = E9E8E9451B0B22FA0074F41A /* ContentViewController.swift */; };
/* End PBXBuildFile section */

/* Begin PBXContainerItemProxy section */
		E9D6605D1AB1313B0020982D /* PBXContainerItemProxy */ = {
			isa = PBXContainerItemProxy;
			containerPortal = E9D6603F1AB1313B0020982D /* Project object */;
			proxyType = 1;
			remoteGlobalIDString = E9D660461AB1313B0020982D;
			remoteInfo = "盛世财富";
		};
/* End PBXContainerItemProxy section */

/* Begin PBXFileReference section */
		592A9F241B035095006B63D9 /* loading.swift */ = {isa = PBXFileReference; fileEncoding = 4; lastKnownFileType = sourcecode.swift; path = loading.swift; sourceTree = "<group>"; };
		592F906A1B03249E00B9969B /* DaiDodgeKeyboard+AccessObject.h */ = {isa = PBXFileReference; fileEncoding = 4; lastKnownFileType = sourcecode.c.h; path = "DaiDodgeKeyboard+AccessObject.h"; sourceTree = "<group>"; };
		592F906B1B03249E00B9969B /* DaiDodgeKeyboard+AccessObject.m */ = {isa = PBXFileReference; fileEncoding = 4; lastKnownFileType = sourcecode.c.objc; path = "DaiDodgeKeyboard+AccessObject.m"; sourceTree = "<group>"; };
		592F906C1B03249E00B9969B /* DaiDodgeKeyboard+Animation.h */ = {isa = PBXFileReference; fileEncoding = 4; lastKnownFileType = sourcecode.c.h; path = "DaiDodgeKeyboard+Animation.h"; sourceTree = "<group>"; };
		592F906D1B03249E00B9969B /* DaiDodgeKeyboard+Animation.m */ = {isa = PBXFileReference; fileEncoding = 4; lastKnownFileType = sourcecode.c.objc; path = "DaiDodgeKeyboard+Animation.m"; sourceTree = "<group>"; };
		592F906E1B03249E00B9969B /* DaiDodgeKeyboard.h */ = {isa = PBXFileReference; fileEncoding = 4; lastKnownFileType = sourcecode.c.h; path = DaiDodgeKeyboard.h; sourceTree = "<group>"; };
		592F906F1B03249E00B9969B /* DaiDodgeKeyboard.m */ = {isa = PBXFileReference; fileEncoding = 4; lastKnownFileType = sourcecode.c.objc; path = DaiDodgeKeyboard.m; sourceTree = "<group>"; };
		592F90701B03249E00B9969B /* DaiDodgeKeyboardObjects.h */ = {isa = PBXFileReference; fileEncoding = 4; lastKnownFileType = sourcecode.c.h; path = DaiDodgeKeyboardObjects.h; sourceTree = "<group>"; };
		592F90711B03249E00B9969B /* DaiDodgeKeyboardObjects.m */ = {isa = PBXFileReference; fileEncoding = 4; lastKnownFileType = sourcecode.c.objc; path = DaiDodgeKeyboardObjects.m; sourceTree = "<group>"; };
		592F90721B03249E00B9969B /* UIView+FirstResponderNotify.h */ = {isa = PBXFileReference; fileEncoding = 4; lastKnownFileType = sourcecode.c.h; path = "UIView+FirstResponderNotify.h"; sourceTree = "<group>"; };
		592F90731B03249E00B9969B /* UIView+FirstResponderNotify.m */ = {isa = PBXFileReference; fileEncoding = 4; lastKnownFileType = sourcecode.c.objc; path = "UIView+FirstResponderNotify.m"; sourceTree = "<group>"; };
		594E5B4E1AFA102500218DA5 /* NewPersonCenterViewController.swift */ = {isa = PBXFileReference; fileEncoding = 4; lastKnownFileType = sourcecode.swift; path = NewPersonCenterViewController.swift; sourceTree = "<group>"; };
		595C8DC41B07317800989977 /* NavigationExtension.swift */ = {isa = PBXFileReference; fileEncoding = 4; lastKnownFileType = sourcecode.swift; path = NavigationExtension.swift; sourceTree = "<group>"; };
		598A77831AF9E48600DE4271 /* TabBarViewController.swift */ = {isa = PBXFileReference; fileEncoding = 4; lastKnownFileType = sourcecode.swift; path = TabBarViewController.swift; sourceTree = "<group>"; };
		59BEC4181B05CD5300F5690D /* UserMoneyViewController.swift */ = {isa = PBXFileReference; fileEncoding = 4; lastKnownFileType = sourcecode.swift; path = UserMoneyViewController.swift; sourceTree = "<group>"; };
		59BEC41A1B07124200F5690D /* BidRecordViewController.swift */ = {isa = PBXFileReference; fileEncoding = 4; lastKnownFileType = sourcecode.swift; path = BidRecordViewController.swift; sourceTree = "<group>"; };
		59D214BA1AFC9AD800677C26 /* AlertView.swift */ = {isa = PBXFileReference; fileEncoding = 4; lastKnownFileType = sourcecode.swift; path = AlertView.swift; sourceTree = "<group>"; };
		D8B251161B0041AE00360F4E /* Reachability.h */ = {isa = PBXFileReference; fileEncoding = 4; lastKnownFileType = sourcecode.c.h; path = Reachability.h; sourceTree = "<group>"; };
		D8B251171B0041AE00360F4E /* Reachability.m */ = {isa = PBXFileReference; fileEncoding = 4; lastKnownFileType = sourcecode.c.objc; path = Reachability.m; sourceTree = "<group>"; };
		D8B251191B00460B00360F4E /* SystemConfiguration.framework */ = {isa = PBXFileReference; lastKnownFileType = wrapper.framework; name = SystemConfiguration.framework; path = System/Library/Frameworks/SystemConfiguration.framework; sourceTree = SDKROOT; };
		D8B2511B1B004B8600360F4E /* Constant.swift */ = {isa = PBXFileReference; fileEncoding = 4; lastKnownFileType = sourcecode.swift; path = Constant.swift; sourceTree = "<group>"; };
		E90EA25D1ABFA1A5006D22E6 /* 盛世财富-Bridging-Header.h */ = {isa = PBXFileReference; fileEncoding = 4; lastKnownFileType = sourcecode.c.h; path = "盛世财富-Bridging-Header.h"; sourceTree = "<group>"; };
		E90EA25F1ABFA37A006D22E6 /* AFHTTPRequestOperation.h */ = {isa = PBXFileReference; fileEncoding = 4; lastKnownFileType = sourcecode.c.h; path = AFHTTPRequestOperation.h; sourceTree = "<group>"; };
		E90EA2601ABFA37A006D22E6 /* AFHTTPRequestOperation.m */ = {isa = PBXFileReference; fileEncoding = 4; lastKnownFileType = sourcecode.c.objc; path = AFHTTPRequestOperation.m; sourceTree = "<group>"; };
		E90EA2611ABFA37A006D22E6 /* AFHTTPRequestOperationManager.h */ = {isa = PBXFileReference; fileEncoding = 4; lastKnownFileType = sourcecode.c.h; path = AFHTTPRequestOperationManager.h; sourceTree = "<group>"; };
		E90EA2621ABFA37A006D22E6 /* AFHTTPRequestOperationManager.m */ = {isa = PBXFileReference; fileEncoding = 4; lastKnownFileType = sourcecode.c.objc; path = AFHTTPRequestOperationManager.m; sourceTree = "<group>"; };
		E90EA2631ABFA37A006D22E6 /* AFHTTPSessionManager.h */ = {isa = PBXFileReference; fileEncoding = 4; lastKnownFileType = sourcecode.c.h; path = AFHTTPSessionManager.h; sourceTree = "<group>"; };
		E90EA2641ABFA37A006D22E6 /* AFHTTPSessionManager.m */ = {isa = PBXFileReference; fileEncoding = 4; lastKnownFileType = sourcecode.c.objc; path = AFHTTPSessionManager.m; sourceTree = "<group>"; };
		E90EA2651ABFA37A006D22E6 /* AFNetworking.h */ = {isa = PBXFileReference; fileEncoding = 4; lastKnownFileType = sourcecode.c.h; path = AFNetworking.h; sourceTree = "<group>"; };
		E90EA2661ABFA37A006D22E6 /* AFNetworkReachabilityManager.h */ = {isa = PBXFileReference; fileEncoding = 4; lastKnownFileType = sourcecode.c.h; path = AFNetworkReachabilityManager.h; sourceTree = "<group>"; };
		E90EA2671ABFA37A006D22E6 /* AFNetworkReachabilityManager.m */ = {isa = PBXFileReference; fileEncoding = 4; lastKnownFileType = sourcecode.c.objc; path = AFNetworkReachabilityManager.m; sourceTree = "<group>"; };
		E90EA2681ABFA37A006D22E6 /* AFSecurityPolicy.h */ = {isa = PBXFileReference; fileEncoding = 4; lastKnownFileType = sourcecode.c.h; path = AFSecurityPolicy.h; sourceTree = "<group>"; };
		E90EA2691ABFA37A006D22E6 /* AFSecurityPolicy.m */ = {isa = PBXFileReference; fileEncoding = 4; lastKnownFileType = sourcecode.c.objc; path = AFSecurityPolicy.m; sourceTree = "<group>"; };
		E90EA26A1ABFA37A006D22E6 /* AFURLConnectionOperation.h */ = {isa = PBXFileReference; fileEncoding = 4; lastKnownFileType = sourcecode.c.h; path = AFURLConnectionOperation.h; sourceTree = "<group>"; };
		E90EA26B1ABFA37A006D22E6 /* AFURLConnectionOperation.m */ = {isa = PBXFileReference; fileEncoding = 4; lastKnownFileType = sourcecode.c.objc; path = AFURLConnectionOperation.m; sourceTree = "<group>"; };
		E90EA26C1ABFA37A006D22E6 /* AFURLRequestSerialization.h */ = {isa = PBXFileReference; fileEncoding = 4; lastKnownFileType = sourcecode.c.h; path = AFURLRequestSerialization.h; sourceTree = "<group>"; };
		E90EA26D1ABFA37A006D22E6 /* AFURLRequestSerialization.m */ = {isa = PBXFileReference; fileEncoding = 4; lastKnownFileType = sourcecode.c.objc; path = AFURLRequestSerialization.m; sourceTree = "<group>"; };
		E90EA26E1ABFA37A006D22E6 /* AFURLResponseSerialization.h */ = {isa = PBXFileReference; fileEncoding = 4; lastKnownFileType = sourcecode.c.h; path = AFURLResponseSerialization.h; sourceTree = "<group>"; };
		E90EA26F1ABFA37A006D22E6 /* AFURLResponseSerialization.m */ = {isa = PBXFileReference; fileEncoding = 4; lastKnownFileType = sourcecode.c.objc; path = AFURLResponseSerialization.m; sourceTree = "<group>"; };
		E90EA2701ABFA37A006D22E6 /* AFURLSessionManager.h */ = {isa = PBXFileReference; fileEncoding = 4; lastKnownFileType = sourcecode.c.h; path = AFURLSessionManager.h; sourceTree = "<group>"; };
		E90EA2711ABFA37A006D22E6 /* AFURLSessionManager.m */ = {isa = PBXFileReference; fileEncoding = 4; lastKnownFileType = sourcecode.c.objc; path = AFURLSessionManager.m; sourceTree = "<group>"; };
		E90EA27B1ABFAB5D006D22E6 /* LoginViewController.swift */ = {isa = PBXFileReference; fileEncoding = 4; lastKnownFileType = sourcecode.swift; path = LoginViewController.swift; sourceTree = "<group>"; };
		E93714C91B074F79009B9B80 /* ModifyLoginPasswordViewController.swift */ = {isa = PBXFileReference; fileEncoding = 4; lastKnownFileType = sourcecode.swift; path = ModifyLoginPasswordViewController.swift; sourceTree = "<group>"; };
		E93732B01ACA32F600423B7E /* MyMenuTableViewController.swift */ = {isa = PBXFileReference; fileEncoding = 4; lastKnownFileType = sourcecode.swift; path = MyMenuTableViewController.swift; sourceTree = "<group>"; };
		E93B725D1B070DDE00B28672 /* InvestorSummaryTableViewController.swift */ = {isa = PBXFileReference; fileEncoding = 4; lastKnownFileType = sourcecode.swift; path = InvestorSummaryTableViewController.swift; sourceTree = "<group>"; };
		E94E95A11B0AD34F00E717DE /* CACustomTextLayer.h */ = {isa = PBXFileReference; fileEncoding = 4; lastKnownFileType = sourcecode.c.h; path = CACustomTextLayer.h; sourceTree = "<group>"; };
		E94E95A21B0AD34F00E717DE /* CACustomTextLayer.m */ = {isa = PBXFileReference; fileEncoding = 4; lastKnownFileType = sourcecode.c.objc; path = CACustomTextLayer.m; sourceTree = "<group>"; };
		E94E95A31B0AD34F00E717DE /* NJDBezierCurve.h */ = {isa = PBXFileReference; fileEncoding = 4; lastKnownFileType = sourcecode.c.h; path = NJDBezierCurve.h; sourceTree = "<group>"; };
		E94E95A41B0AD34F00E717DE /* NJDBezierCurve.m */ = {isa = PBXFileReference; fileEncoding = 4; lastKnownFileType = sourcecode.c.objc; path = NJDBezierCurve.m; sourceTree = "<group>"; };
		E94E95A71B0AD3DD00E717DE /* Main.storyboard */ = {isa = PBXFileReference; fileEncoding = 4; lastKnownFileType = file.storyboard; path = Main.storyboard; sourceTree = "<group>"; };
		E95684F11B06D8FA00F46FF0 /* AccountInfoTableViewController.swift */ = {isa = PBXFileReference; fileEncoding = 4; lastKnownFileType = sourcecode.swift; path = AccountInfoTableViewController.swift; sourceTree = "<group>"; };
		E961E11A1AC8DCBC0021ED14 /* RECommonFunctions.h */ = {isa = PBXFileReference; fileEncoding = 4; lastKnownFileType = sourcecode.c.h; path = RECommonFunctions.h; sourceTree = "<group>"; };
		E961E11B1AC8DCBC0021ED14 /* RECommonFunctions.m */ = {isa = PBXFileReference; fileEncoding = 4; lastKnownFileType = sourcecode.c.objc; path = RECommonFunctions.m; sourceTree = "<group>"; };
		E961E11C1AC8DCBC0021ED14 /* REMenu.h */ = {isa = PBXFileReference; fileEncoding = 4; lastKnownFileType = sourcecode.c.h; path = REMenu.h; sourceTree = "<group>"; };
		E961E11D1AC8DCBC0021ED14 /* REMenu.m */ = {isa = PBXFileReference; fileEncoding = 4; lastKnownFileType = sourcecode.c.objc; path = REMenu.m; sourceTree = "<group>"; };
		E961E11E1AC8DCBC0021ED14 /* REMenuContainerView.h */ = {isa = PBXFileReference; fileEncoding = 4; lastKnownFileType = sourcecode.c.h; path = REMenuContainerView.h; sourceTree = "<group>"; };
		E961E11F1AC8DCBC0021ED14 /* REMenuContainerView.m */ = {isa = PBXFileReference; fileEncoding = 4; lastKnownFileType = sourcecode.c.objc; path = REMenuContainerView.m; sourceTree = "<group>"; };
		E961E1201AC8DCBC0021ED14 /* REMenuItem.h */ = {isa = PBXFileReference; fileEncoding = 4; lastKnownFileType = sourcecode.c.h; path = REMenuItem.h; sourceTree = "<group>"; };
		E961E1211AC8DCBC0021ED14 /* REMenuItem.m */ = {isa = PBXFileReference; fileEncoding = 4; lastKnownFileType = sourcecode.c.objc; path = REMenuItem.m; sourceTree = "<group>"; };
		E961E1221AC8DCBC0021ED14 /* REMenuItemView.h */ = {isa = PBXFileReference; fileEncoding = 4; lastKnownFileType = sourcecode.c.h; path = REMenuItemView.h; sourceTree = "<group>"; };
		E961E1231AC8DCBC0021ED14 /* REMenuItemView.m */ = {isa = PBXFileReference; fileEncoding = 4; lastKnownFileType = sourcecode.c.objc; path = REMenuItemView.m; sourceTree = "<group>"; };
		E96B1E721AB6BFB300C61870 /* AllListViewController.swift */ = {isa = PBXFileReference; fileEncoding = 4; lastKnownFileType = sourcecode.swift; path = AllListViewController.swift; sourceTree = "<group>"; };
		E96B2ED11B0833A500B4197B /* ModifyPinPasswordViewController.swift */ = {isa = PBXFileReference; fileEncoding = 4; lastKnownFileType = sourcecode.swift; path = ModifyPinPasswordViewController.swift; sourceTree = "<group>"; };
		E96B2F021B08673900B4197B /* MDRadialProgressLabel.h */ = {isa = PBXFileReference; fileEncoding = 4; lastKnownFileType = sourcecode.c.h; path = MDRadialProgressLabel.h; sourceTree = "<group>"; };
		E96B2F031B08673900B4197B /* MDRadialProgressLabel.m */ = {isa = PBXFileReference; fileEncoding = 4; lastKnownFileType = sourcecode.c.objc; path = MDRadialProgressLabel.m; sourceTree = "<group>"; };
		E96B2F041B08673900B4197B /* MDRadialProgressTheme.h */ = {isa = PBXFileReference; fileEncoding = 4; lastKnownFileType = sourcecode.c.h; path = MDRadialProgressTheme.h; sourceTree = "<group>"; };
		E96B2F051B08673900B4197B /* MDRadialProgressTheme.m */ = {isa = PBXFileReference; fileEncoding = 4; lastKnownFileType = sourcecode.c.objc; path = MDRadialProgressTheme.m; sourceTree = "<group>"; };
		E96B2F061B08673900B4197B /* MDRadialProgressView.h */ = {isa = PBXFileReference; fileEncoding = 4; lastKnownFileType = sourcecode.c.h; path = MDRadialProgressView.h; sourceTree = "<group>"; };
		E96B2F071B08673900B4197B /* MDRadialProgressView.m */ = {isa = PBXFileReference; fileEncoding = 4; lastKnownFileType = sourcecode.c.objc; path = MDRadialProgressView.m; sourceTree = "<group>"; };
		E977F3F31AC540E7008C2F8A /* RegisterViewController.swift */ = {isa = PBXFileReference; fileEncoding = 4; lastKnownFileType = sourcecode.swift; path = RegisterViewController.swift; sourceTree = "<group>"; };
		E9B9EF4B1AC8E00600E46714 /* BidListViewController.swift */ = {isa = PBXFileReference; fileEncoding = 4; lastKnownFileType = sourcecode.swift; path = BidListViewController.swift; sourceTree = "<group>"; };
		E9BEE1AC1AC24CF10049600C /* HttpController.swift */ = {isa = PBXFileReference; fileEncoding = 4; lastKnownFileType = sourcecode.swift; path = HttpController.swift; sourceTree = "<group>"; };
		E9BEE1AE1AC24D7E0049600C /* baseClass.swift */ = {isa = PBXFileReference; fileEncoding = 4; lastKnownFileType = sourcecode.swift; path = baseClass.swift; sourceTree = "<group>"; };
		E9C544C31AE8914800B50D8C /* BidConfirmViewController.swift */ = {isa = PBXFileReference; fileEncoding = 4; lastKnownFileType = sourcecode.swift; path = BidConfirmViewController.swift; sourceTree = "<group>"; };
		E9C54E051AB7BCD400D4722C /* LendDetailViewController.swift */ = {isa = PBXFileReference; fileEncoding = 4; lastKnownFileType = sourcecode.swift; path = LendDetailViewController.swift; sourceTree = "<group>"; };
		E9C605AC1ABBB9C500752D91 /* Refresh.swift */ = {isa = PBXFileReference; fileEncoding = 4; lastKnownFileType = sourcecode.swift; path = Refresh.swift; sourceTree = "<group>"; };
		E9C605AD1ABBB9C500752D91 /* RefreshBaseView.swift */ = {isa = PBXFileReference; fileEncoding = 4; lastKnownFileType = sourcecode.swift; path = RefreshBaseView.swift; sourceTree = "<group>"; };
		E9C605AE1ABBB9C500752D91 /* RefreshConst.swift */ = {isa = PBXFileReference; fileEncoding = 4; lastKnownFileType = sourcecode.swift; path = RefreshConst.swift; sourceTree = "<group>"; };
		E9C605AF1ABBB9C500752D91 /* RefreshFooterView.swift */ = {isa = PBXFileReference; fileEncoding = 4; lastKnownFileType = sourcecode.swift; path = RefreshFooterView.swift; sourceTree = "<group>"; };
		E9C605B01ABBB9C500752D91 /* RefreshHeaderView.swift */ = {isa = PBXFileReference; fileEncoding = 4; lastKnownFileType = sourcecode.swift; path = RefreshHeaderView.swift; sourceTree = "<group>"; };
		E9C605B11ABBB9C500752D91 /* UIScrollView+Refresh.swift */ = {isa = PBXFileReference; fileEncoding = 4; lastKnownFileType = sourcecode.swift; path = "UIScrollView+Refresh.swift"; sourceTree = "<group>"; };
		E9C70C051AC0FB2100E1CA8D /* MoreViewController.swift */ = {isa = PBXFileReference; fileEncoding = 4; lastKnownFileType = sourcecode.swift; path = MoreViewController.swift; sourceTree = "<group>"; };
		E9C70C071AC1035B00E1CA8D /* IdeaViewController.swift */ = {isa = PBXFileReference; fileEncoding = 4; lastKnownFileType = sourcecode.swift; path = IdeaViewController.swift; sourceTree = "<group>"; };
		E9C70C091AC108AC00E1CA8D /* AboutViewController.swift */ = {isa = PBXFileReference; fileEncoding = 4; lastKnownFileType = sourcecode.swift; path = AboutViewController.swift; sourceTree = "<group>"; };
		E9D660471AB1313B0020982D /* 盛世财富.app */ = {isa = PBXFileReference; explicitFileType = wrapper.application; includeInIndex = 0; path = "盛世财富.app"; sourceTree = BUILT_PRODUCTS_DIR; };
		E9D6604B1AB1313B0020982D /* Info.plist */ = {isa = PBXFileReference; lastKnownFileType = text.plist.xml; path = Info.plist; sourceTree = "<group>"; };
		E9D6604C1AB1313B0020982D /* AppDelegate.swift */ = {isa = PBXFileReference; lastKnownFileType = sourcecode.swift; path = AppDelegate.swift; sourceTree = "<group>"; };
		E9D6604E1AB1313B0020982D /* LendViewController.swift */ = {isa = PBXFileReference; lastKnownFileType = sourcecode.swift; path = LendViewController.swift; sourceTree = "<group>"; };
		E9D660531AB1313B0020982D /* Images.xcassets */ = {isa = PBXFileReference; lastKnownFileType = folder.assetcatalog; path = Images.xcassets; sourceTree = "<group>"; };
		E9D660561AB1313B0020982D /* Base */ = {isa = PBXFileReference; lastKnownFileType = file.xib; name = Base; path = Base.lproj/LaunchScreen.xib; sourceTree = "<group>"; };
		E9D6605C1AB1313B0020982D /* 盛世财富Tests.xctest */ = {isa = PBXFileReference; explicitFileType = wrapper.cfbundle; includeInIndex = 0; path = "盛世财富Tests.xctest"; sourceTree = BUILT_PRODUCTS_DIR; };
		E9D660611AB1313B0020982D /* Info.plist */ = {isa = PBXFileReference; lastKnownFileType = text.plist.xml; path = Info.plist; sourceTree = "<group>"; };
		E9D660621AB1313B0020982D /* ____Tests.swift */ = {isa = PBXFileReference; lastKnownFileType = sourcecode.swift; path = "____Tests.swift"; sourceTree = "<group>"; };
		E9E304031B09A6A90021D006 /* SetPinPasswordViewController.swift */ = {isa = PBXFileReference; fileEncoding = 4; lastKnownFileType = sourcecode.swift; path = SetPinPasswordViewController.swift; sourceTree = "<group>"; };
		E9E304051B09AAD20021D006 /* AccountSafeTableViewController.swift */ = {isa = PBXFileReference; fileEncoding = 4; lastKnownFileType = sourcecode.swift; path = AccountSafeTableViewController.swift; sourceTree = "<group>"; };
		E9E5211E1B05E3D900A41EEA /* YYCycleScrollView.swift */ = {isa = PBXFileReference; fileEncoding = 4; lastKnownFileType = sourcecode.swift; path = YYCycleScrollView.swift; sourceTree = "<group>"; };
		E9E8E9451B0B22FA0074F41A /* ContentViewController.swift */ = {isa = PBXFileReference; fileEncoding = 4; lastKnownFileType = sourcecode.swift; path = ContentViewController.swift; sourceTree = "<group>"; };
/* End PBXFileReference section */

/* Begin PBXFrameworksBuildPhase section */
		E9D660441AB1313B0020982D /* Frameworks */ = {
			isa = PBXFrameworksBuildPhase;
			buildActionMask = 2147483647;
			files = (
				D8B2511A1B00460B00360F4E /* SystemConfiguration.framework in Frameworks */,
			);
			runOnlyForDeploymentPostprocessing = 0;
		};
		E9D660591AB1313B0020982D /* Frameworks */ = {
			isa = PBXFrameworksBuildPhase;
			buildActionMask = 2147483647;
			files = (
			);
			runOnlyForDeploymentPostprocessing = 0;
		};
/* End PBXFrameworksBuildPhase section */

/* Begin PBXGroup section */
		592F90691B03249E00B9969B /* DaiDodgeKeyboard */ = {
			isa = PBXGroup;
			children = (
				592F906A1B03249E00B9969B /* DaiDodgeKeyboard+AccessObject.h */,
				592F906B1B03249E00B9969B /* DaiDodgeKeyboard+AccessObject.m */,
				592F906C1B03249E00B9969B /* DaiDodgeKeyboard+Animation.h */,
				592F906D1B03249E00B9969B /* DaiDodgeKeyboard+Animation.m */,
				592F906E1B03249E00B9969B /* DaiDodgeKeyboard.h */,
				592F906F1B03249E00B9969B /* DaiDodgeKeyboard.m */,
				592F90701B03249E00B9969B /* DaiDodgeKeyboardObjects.h */,
				592F90711B03249E00B9969B /* DaiDodgeKeyboardObjects.m */,
				592F90721B03249E00B9969B /* UIView+FirstResponderNotify.h */,
				592F90731B03249E00B9969B /* UIView+FirstResponderNotify.m */,
			);
			path = DaiDodgeKeyboard;
			sourceTree = "<group>";
		};
		D8B251151B00418900360F4E /* Reachability */ = {
			isa = PBXGroup;
			children = (
				D8B251161B0041AE00360F4E /* Reachability.h */,
				D8B251171B0041AE00360F4E /* Reachability.m */,
			);
			name = Reachability;
			sourceTree = "<group>";
		};
		E90EA25E1ABFA37A006D22E6 /* AFNetworking */ = {
			isa = PBXGroup;
			children = (
				E90EA25F1ABFA37A006D22E6 /* AFHTTPRequestOperation.h */,
				E90EA2601ABFA37A006D22E6 /* AFHTTPRequestOperation.m */,
				E90EA2611ABFA37A006D22E6 /* AFHTTPRequestOperationManager.h */,
				E90EA2621ABFA37A006D22E6 /* AFHTTPRequestOperationManager.m */,
				E90EA2631ABFA37A006D22E6 /* AFHTTPSessionManager.h */,
				E90EA2641ABFA37A006D22E6 /* AFHTTPSessionManager.m */,
				E90EA2651ABFA37A006D22E6 /* AFNetworking.h */,
				E90EA2661ABFA37A006D22E6 /* AFNetworkReachabilityManager.h */,
				E90EA2671ABFA37A006D22E6 /* AFNetworkReachabilityManager.m */,
				E90EA2681ABFA37A006D22E6 /* AFSecurityPolicy.h */,
				E90EA2691ABFA37A006D22E6 /* AFSecurityPolicy.m */,
				E90EA26A1ABFA37A006D22E6 /* AFURLConnectionOperation.h */,
				E90EA26B1ABFA37A006D22E6 /* AFURLConnectionOperation.m */,
				E90EA26C1ABFA37A006D22E6 /* AFURLRequestSerialization.h */,
				E90EA26D1ABFA37A006D22E6 /* AFURLRequestSerialization.m */,
				E90EA26E1ABFA37A006D22E6 /* AFURLResponseSerialization.h */,
				E90EA26F1ABFA37A006D22E6 /* AFURLResponseSerialization.m */,
				E90EA2701ABFA37A006D22E6 /* AFURLSessionManager.h */,
				E90EA2711ABFA37A006D22E6 /* AFURLSessionManager.m */,
			);
			path = AFNetworking;
			sourceTree = "<group>";
		};
		E91E81301AB27939000C5FD3 /* Views */ = {
			isa = PBXGroup;
			children = (
				E94E95A71B0AD3DD00E717DE /* Main.storyboard */,
				E9D660551AB1313B0020982D /* LaunchScreen.xib */,
			);
			name = Views;
			sourceTree = "<group>";
		};
		E91E81311AB2794D000C5FD3 /* Source */ = {
			isa = PBXGroup;
			children = (
				E9D660531AB1313B0020982D /* Images.xcassets */,
				E90EA25D1ABFA1A5006D22E6 /* 盛世财富-Bridging-Header.h */,
			);
			name = Source;
			sourceTree = "<group>";
		};
		E91E81321AB27956000C5FD3 /* Controllers */ = {
			isa = PBXGroup;
			children = (
				E9C70C091AC108AC00E1CA8D /* AboutViewController.swift */,
				E95684F11B06D8FA00F46FF0 /* AccountInfoTableViewController.swift */,
				E96B1E721AB6BFB300C61870 /* AllListViewController.swift */,
				E9D6604C1AB1313B0020982D /* AppDelegate.swift */,
				E9C544C31AE8914800B50D8C /* BidConfirmViewController.swift */,
				E9B9EF4B1AC8E00600E46714 /* BidListViewController.swift */,
				59BEC41A1B07124200F5690D /* BidRecordViewController.swift */,
				E9C70C071AC1035B00E1CA8D /* IdeaViewController.swift */,
				E93B725D1B070DDE00B28672 /* InvestorSummaryTableViewController.swift */,
				E9C54E051AB7BCD400D4722C /* LendDetailViewController.swift */,
				E9D6604E1AB1313B0020982D /* LendViewController.swift */,
				E90EA27B1ABFAB5D006D22E6 /* LoginViewController.swift */,
				E93714C91B074F79009B9B80 /* ModifyLoginPasswordViewController.swift */,
				E96B2ED11B0833A500B4197B /* ModifyPinPasswordViewController.swift */,
				E9C70C051AC0FB2100E1CA8D /* MoreViewController.swift */,
				E93732B01ACA32F600423B7E /* MyMenuTableViewController.swift */,
				595C8DC41B07317800989977 /* NavigationExtension.swift */,
				594E5B4E1AFA102500218DA5 /* NewPersonCenterViewController.swift */,
				E977F3F31AC540E7008C2F8A /* RegisterViewController.swift */,
				598A77831AF9E48600DE4271 /* TabBarViewController.swift */,
				59BEC4181B05CD5300F5690D /* UserMoneyViewController.swift */,
				E9E304031B09A6A90021D006 /* SetPinPasswordViewController.swift */,
				E9E304051B09AAD20021D006 /* AccountSafeTableViewController.swift */,
				E9E8E9451B0B22FA0074F41A /* ContentViewController.swift */,
			);
			name = Controllers;
			sourceTree = "<group>";
		};
		E94E95A01B0AD34F00E717DE /* NJDNumberJump */ = {
			isa = PBXGroup;
			children = (
				E94E95A11B0AD34F00E717DE /* CACustomTextLayer.h */,
				E94E95A21B0AD34F00E717DE /* CACustomTextLayer.m */,
				E94E95A31B0AD34F00E717DE /* NJDBezierCurve.h */,
				E94E95A41B0AD34F00E717DE /* NJDBezierCurve.m */,
			);
			path = NJDNumberJump;
			sourceTree = "<group>";
		};
		E961E1191AC8DCBC0021ED14 /* REMenu */ = {
			isa = PBXGroup;
			children = (
				E961E11A1AC8DCBC0021ED14 /* RECommonFunctions.h */,
				E961E11B1AC8DCBC0021ED14 /* RECommonFunctions.m */,
				E961E11C1AC8DCBC0021ED14 /* REMenu.h */,
				E961E11D1AC8DCBC0021ED14 /* REMenu.m */,
				E961E11E1AC8DCBC0021ED14 /* REMenuContainerView.h */,
				E961E11F1AC8DCBC0021ED14 /* REMenuContainerView.m */,
				E961E1201AC8DCBC0021ED14 /* REMenuItem.h */,
				E961E1211AC8DCBC0021ED14 /* REMenuItem.m */,
				E961E1221AC8DCBC0021ED14 /* REMenuItemView.h */,
				E961E1231AC8DCBC0021ED14 /* REMenuItemView.m */,
			);
			path = REMenu;
			sourceTree = "<group>";
		};
		E96B2F011B08673900B4197B /* MDRadialProgress */ = {
			isa = PBXGroup;
			children = (
				E96B2F021B08673900B4197B /* MDRadialProgressLabel.h */,
				E96B2F031B08673900B4197B /* MDRadialProgressLabel.m */,
				E96B2F041B08673900B4197B /* MDRadialProgressTheme.h */,
				E96B2F051B08673900B4197B /* MDRadialProgressTheme.m */,
				E96B2F061B08673900B4197B /* MDRadialProgressView.h */,
				E96B2F071B08673900B4197B /* MDRadialProgressView.m */,
			);
			path = MDRadialProgress;
			sourceTree = "<group>";
		};
		E9C605AB1ABBB9C500752D91 /* Refresh */ = {
			isa = PBXGroup;
			children = (
				E9C605AC1ABBB9C500752D91 /* Refresh.swift */,
				E9C605AD1ABBB9C500752D91 /* RefreshBaseView.swift */,
				E9C605AE1ABBB9C500752D91 /* RefreshConst.swift */,
				E9C605AF1ABBB9C500752D91 /* RefreshFooterView.swift */,
				E9C605B01ABBB9C500752D91 /* RefreshHeaderView.swift */,
				E9C605B11ABBB9C500752D91 /* UIScrollView+Refresh.swift */,
			);
			path = Refresh;
			sourceTree = "<group>";
		};
		E9D6603E1AB1313B0020982D = {
			isa = PBXGroup;
			children = (
				E9D660491AB1313B0020982D /* 盛世财富 */,
				E9D6605F1AB1313B0020982D /* 盛世财富Tests */,
				E9D660481AB1313B0020982D /* Products */,
				D8B251191B00460B00360F4E /* SystemConfiguration.framework */,
			);
			sourceTree = "<group>";
		};
		E9D660481AB1313B0020982D /* Products */ = {
			isa = PBXGroup;
			children = (
				E9D660471AB1313B0020982D /* 盛世财富.app */,
				E9D6605C1AB1313B0020982D /* 盛世财富Tests.xctest */,
			);
			name = Products;
			sourceTree = "<group>";
		};
		E9D660491AB1313B0020982D /* 盛世财富 */ = {
			isa = PBXGroup;
			children = (
				E9FDC1461AC3B70F0088B6F5 /* Common */,
				E91E81321AB27956000C5FD3 /* Controllers */,
				E91E81311AB2794D000C5FD3 /* Source */,
				E91E81301AB27939000C5FD3 /* Views */,
				E9D6604A1AB1313B0020982D /* Supporting Files */,
			);
			path = "盛世财富";
			sourceTree = "<group>";
		};
		E9D6604A1AB1313B0020982D /* Supporting Files */ = {
			isa = PBXGroup;
			children = (
				E9D6604B1AB1313B0020982D /* Info.plist */,
			);
			name = "Supporting Files";
			sourceTree = "<group>";
		};
		E9D6605F1AB1313B0020982D /* 盛世财富Tests */ = {
			isa = PBXGroup;
			children = (
				E9D660621AB1313B0020982D /* ____Tests.swift */,
				E9D660601AB1313B0020982D /* Supporting Files */,
			);
			path = "盛世财富Tests";
			sourceTree = "<group>";
		};
		E9D660601AB1313B0020982D /* Supporting Files */ = {
			isa = PBXGroup;
			children = (
				E9D660611AB1313B0020982D /* Info.plist */,
			);
			name = "Supporting Files";
			sourceTree = "<group>";
		};
		E9FDC1461AC3B70F0088B6F5 /* Common */ = {
			isa = PBXGroup;
			children = (
				E961E1191AC8DCBC0021ED14 /* REMenu */,
				D8B251151B00418900360F4E /* Reachability */,
				E96B2F011B08673900B4197B /* MDRadialProgress */,
				E94E95A01B0AD34F00E717DE /* NJDNumberJump */,
				592F90691B03249E00B9969B /* DaiDodgeKeyboard */,
				E9E5211E1B05E3D900A41EEA /* YYCycleScrollView.swift */,
				592A9F241B035095006B63D9 /* loading.swift */,
				E9BEE1AE1AC24D7E0049600C /* baseClass.swift */,
				E90EA25E1ABFA37A006D22E6 /* AFNetworking */,
				E9BEE1AC1AC24CF10049600C /* HttpController.swift */,
				59D214BA1AFC9AD800677C26 /* AlertView.swift */,
				E9C605AB1ABBB9C500752D91 /* Refresh */,
				D8B2511B1B004B8600360F4E /* Constant.swift */,
			);
			name = Common;
			sourceTree = "<group>";
		};
/* End PBXGroup section */

/* Begin PBXNativeTarget section */
		E9D660461AB1313B0020982D /* 盛世财富 */ = {
			isa = PBXNativeTarget;
			buildConfigurationList = E9D660661AB1313B0020982D /* Build configuration list for PBXNativeTarget "盛世财富" */;
			buildPhases = (
				E9D660431AB1313B0020982D /* Sources */,
				E9D660441AB1313B0020982D /* Frameworks */,
				E9D660451AB1313B0020982D /* Resources */,
			);
			buildRules = (
			);
			dependencies = (
			);
			name = "盛世财富";
			productName = "盛世财富";
			productReference = E9D660471AB1313B0020982D /* 盛世财富.app */;
			productType = "com.apple.product-type.application";
		};
		E9D6605B1AB1313B0020982D /* 盛世财富Tests */ = {
			isa = PBXNativeTarget;
			buildConfigurationList = E9D660691AB1313B0020982D /* Build configuration list for PBXNativeTarget "盛世财富Tests" */;
			buildPhases = (
				E9D660581AB1313B0020982D /* Sources */,
				E9D660591AB1313B0020982D /* Frameworks */,
				E9D6605A1AB1313B0020982D /* Resources */,
			);
			buildRules = (
			);
			dependencies = (
				E9D6605E1AB1313B0020982D /* PBXTargetDependency */,
			);
			name = "盛世财富Tests";
			productName = "盛世财富Tests";
			productReference = E9D6605C1AB1313B0020982D /* 盛世财富Tests.xctest */;
			productType = "com.apple.product-type.bundle.unit-test";
		};
/* End PBXNativeTarget section */

/* Begin PBXProject section */
		E9D6603F1AB1313B0020982D /* Project object */ = {
			isa = PBXProject;
			attributes = {
				LastUpgradeCheck = 0610;
				ORGANIZATIONNAME = sscf88;
				TargetAttributes = {
					E9D660461AB1313B0020982D = {
						CreatedOnToolsVersion = 6.1.1;
						DevelopmentTeam = G7XYYH9B69;
					};
					E9D6605B1AB1313B0020982D = {
						CreatedOnToolsVersion = 6.1.1;
						TestTargetID = E9D660461AB1313B0020982D;
					};
				};
			};
			buildConfigurationList = E9D660421AB1313B0020982D /* Build configuration list for PBXProject "盛世财富" */;
			compatibilityVersion = "Xcode 3.2";
			developmentRegion = English;
			hasScannedForEncodings = 0;
			knownRegions = (
				en,
				Base,
			);
			mainGroup = E9D6603E1AB1313B0020982D;
			productRefGroup = E9D660481AB1313B0020982D /* Products */;
			projectDirPath = "";
			projectRoot = "";
			targets = (
				E9D660461AB1313B0020982D /* 盛世财富 */,
				E9D6605B1AB1313B0020982D /* 盛世财富Tests */,
			);
		};
/* End PBXProject section */

/* Begin PBXResourcesBuildPhase section */
		E9D660451AB1313B0020982D /* Resources */ = {
			isa = PBXResourcesBuildPhase;
			buildActionMask = 2147483647;
			files = (
				E94E95A81B0AD3DD00E717DE /* Main.storyboard in Resources */,
				E9D660571AB1313B0020982D /* LaunchScreen.xib in Resources */,
				E9D660541AB1313B0020982D /* Images.xcassets in Resources */,
			);
			runOnlyForDeploymentPostprocessing = 0;
		};
		E9D6605A1AB1313B0020982D /* Resources */ = {
			isa = PBXResourcesBuildPhase;
			buildActionMask = 2147483647;
			files = (
			);
			runOnlyForDeploymentPostprocessing = 0;
		};
/* End PBXResourcesBuildPhase section */

/* Begin PBXSourcesBuildPhase section */
		E9D660431AB1313B0020982D /* Sources */ = {
			isa = PBXSourcesBuildPhase;
			buildActionMask = 2147483647;
			files = (
				E9E304061B09AAD20021D006 /* AccountSafeTableViewController.swift in Sources */,
				E96B2F091B08673900B4197B /* MDRadialProgressTheme.m in Sources */,
				E90EA2721ABFA37A006D22E6 /* AFHTTPRequestOperation.m in Sources */,
				E961E1241AC8DCBC0021ED14 /* RECommonFunctions.m in Sources */,
				E961E1271AC8DCBC0021ED14 /* REMenuItem.m in Sources */,
				E94E95A61B0AD34F00E717DE /* NJDBezierCurve.m in Sources */,
				E90EA2791ABFA37A006D22E6 /* AFURLResponseSerialization.m in Sources */,
				E9C54E061AB7BCD400D4722C /* LendDetailViewController.swift in Sources */,
				595C8DC51B07317800989977 /* NavigationExtension.swift in Sources */,
				E9C70C061AC0FB2100E1CA8D /* MoreViewController.swift in Sources */,
				E9C544C41AE8914800B50D8C /* BidConfirmViewController.swift in Sources */,
				59BEC4191B05CD5300F5690D /* UserMoneyViewController.swift in Sources */,
				E90EA2771ABFA37A006D22E6 /* AFURLConnectionOperation.m in Sources */,
				592F90781B03249E00B9969B /* UIView+FirstResponderNotify.m in Sources */,
				E90EA2731ABFA37A006D22E6 /* AFHTTPRequestOperationManager.m in Sources */,
				592F90771B03249E00B9969B /* DaiDodgeKeyboardObjects.m in Sources */,
				E9C605B41ABBB9C500752D91 /* RefreshConst.swift in Sources */,
				E96B1E731AB6BFB300C61870 /* AllListViewController.swift in Sources */,
				E961E1281AC8DCBC0021ED14 /* REMenuItemView.m in Sources */,
				E9C605B31ABBB9C500752D91 /* RefreshBaseView.swift in Sources */,
				E93B725E1B070DDE00B28672 /* InvestorSummaryTableViewController.swift in Sources */,
				E93714CA1B074F79009B9B80 /* ModifyLoginPasswordViewController.swift in Sources */,
				E90EA27C1ABFAB5D006D22E6 /* LoginViewController.swift in Sources */,
				E9C605B21ABBB9C500752D91 /* Refresh.swift in Sources */,
				E9C605B51ABBB9C500752D91 /* RefreshFooterView.swift in Sources */,
				E90EA27A1ABFA37A006D22E6 /* AFURLSessionManager.m in Sources */,
				598A77841AF9E48600DE4271 /* TabBarViewController.swift in Sources */,
				E9BEE1AD1AC24CF10049600C /* HttpController.swift in Sources */,
				E9E304041B09A6A90021D006 /* SetPinPasswordViewController.swift in Sources */,
				E977F3F41AC540E7008C2F8A /* RegisterViewController.swift in Sources */,
				E9E8E9461B0B22FA0074F41A /* ContentViewController.swift in Sources */,
				E9D6604F1AB1313B0020982D /* LendViewController.swift in Sources */,
				594E5B4F1AFA102500218DA5 /* NewPersonCenterViewController.swift in Sources */,
				E9B9EF4C1AC8E00600E46714 /* BidListViewController.swift in Sources */,
				592F90741B03249E00B9969B /* DaiDodgeKeyboard+AccessObject.m in Sources */,
				E90EA2761ABFA37A006D22E6 /* AFSecurityPolicy.m in Sources */,
				59D214BB1AFC9AD800677C26 /* AlertView.swift in Sources */,
				592F90761B03249E00B9969B /* DaiDodgeKeyboard.m in Sources */,
				59BEC41B1B07124200F5690D /* BidRecordViewController.swift in Sources */,
				592F90751B03249E00B9969B /* DaiDodgeKeyboard+Animation.m in Sources */,
				E93732B11ACA32F600423B7E /* MyMenuTableViewController.swift in Sources */,
				E96B2ED21B0833A500B4197B /* ModifyPinPasswordViewController.swift in Sources */,
				E94E95A51B0AD34F00E717DE /* CACustomTextLayer.m in Sources */,
				E90EA2751ABFA37A006D22E6 /* AFNetworkReachabilityManager.m in Sources */,
				E96B2F0A1B08673900B4197B /* MDRadialProgressView.m in Sources */,
				E9C605B61ABBB9C500752D91 /* RefreshHeaderView.swift in Sources */,
				E96B2F081B08673900B4197B /* MDRadialProgressLabel.m in Sources */,
				E90EA2741ABFA37A006D22E6 /* AFHTTPSessionManager.m in Sources */,
				E90EA2781ABFA37A006D22E6 /* AFURLRequestSerialization.m in Sources */,
				E9C70C0A1AC108AC00E1CA8D /* AboutViewController.swift in Sources */,
				E9D6604D1AB1313B0020982D /* AppDelegate.swift in Sources */,
				D8B2511C1B004B8600360F4E /* Constant.swift in Sources */,
				592A9F251B035095006B63D9 /* loading.swift in Sources */,
				D8B251181B0041AE00360F4E /* Reachability.m in Sources */,
				E961E1261AC8DCBC0021ED14 /* REMenuContainerView.m in Sources */,
				E9BEE1AF1AC24D7E0049600C /* baseClass.swift in Sources */,
				E9C70C081AC1035B00E1CA8D /* IdeaViewController.swift in Sources */,
				E9E5211F1B05E3D900A41EEA /* YYCycleScrollView.swift in Sources */,
				E9C605B71ABBB9C500752D91 /* UIScrollView+Refresh.swift in Sources */,
				E961E1251AC8DCBC0021ED14 /* REMenu.m in Sources */,
				E95684F21B06D8FA00F46FF0 /* AccountInfoTableViewController.swift in Sources */,
			);
			runOnlyForDeploymentPostprocessing = 0;
		};
		E9D660581AB1313B0020982D /* Sources */ = {
			isa = PBXSourcesBuildPhase;
			buildActionMask = 2147483647;
			files = (
				E9D660631AB1313B0020982D /* ____Tests.swift in Sources */,
			);
			runOnlyForDeploymentPostprocessing = 0;
		};
/* End PBXSourcesBuildPhase section */

/* Begin PBXTargetDependency section */
		E9D6605E1AB1313B0020982D /* PBXTargetDependency */ = {
			isa = PBXTargetDependency;
			target = E9D660461AB1313B0020982D /* 盛世财富 */;
			targetProxy = E9D6605D1AB1313B0020982D /* PBXContainerItemProxy */;
		};
/* End PBXTargetDependency section */

/* Begin PBXVariantGroup section */
		E9D660551AB1313B0020982D /* LaunchScreen.xib */ = {
			isa = PBXVariantGroup;
			children = (
				E9D660561AB1313B0020982D /* Base */,
			);
			name = LaunchScreen.xib;
			sourceTree = "<group>";
		};
/* End PBXVariantGroup section */

/* Begin XCBuildConfiguration section */
		E9D660641AB1313B0020982D /* Debug */ = {
			isa = XCBuildConfiguration;
			buildSettings = {
				ALWAYS_SEARCH_USER_PATHS = NO;
				CLANG_CXX_LANGUAGE_STANDARD = "gnu++0x";
				CLANG_CXX_LIBRARY = "libc++";
				CLANG_ENABLE_MODULES = YES;
				CLANG_ENABLE_OBJC_ARC = YES;
				CLANG_WARN_BOOL_CONVERSION = YES;
				CLANG_WARN_CONSTANT_CONVERSION = YES;
				CLANG_WARN_DIRECT_OBJC_ISA_USAGE = YES_ERROR;
				CLANG_WARN_EMPTY_BODY = YES;
				CLANG_WARN_ENUM_CONVERSION = YES;
				CLANG_WARN_INT_CONVERSION = YES;
				CLANG_WARN_OBJC_ROOT_CLASS = YES_ERROR;
				CLANG_WARN_UNREACHABLE_CODE = YES;
				CLANG_WARN__DUPLICATE_METHOD_MATCH = YES;
				"CODE_SIGN_IDENTITY[sdk=iphoneos*]" = "iPhone Developer";
				COPY_PHASE_STRIP = NO;
				ENABLE_STRICT_OBJC_MSGSEND = YES;
				GCC_C_LANGUAGE_STANDARD = gnu99;
				GCC_DYNAMIC_NO_PIC = NO;
				GCC_OPTIMIZATION_LEVEL = 0;
				GCC_PREPROCESSOR_DEFINITIONS = (
					"DEBUG=1",
					"$(inherited)",
				);
				GCC_SYMBOLS_PRIVATE_EXTERN = NO;
				GCC_WARN_64_TO_32_BIT_CONVERSION = YES;
				GCC_WARN_ABOUT_RETURN_TYPE = YES_ERROR;
				GCC_WARN_UNDECLARED_SELECTOR = YES;
				GCC_WARN_UNINITIALIZED_AUTOS = YES_AGGRESSIVE;
				GCC_WARN_UNUSED_FUNCTION = YES;
				GCC_WARN_UNUSED_VARIABLE = YES;
				IPHONEOS_DEPLOYMENT_TARGET = 8.1;
				MTL_ENABLE_DEBUG_INFO = YES;
				ONLY_ACTIVE_ARCH = YES;
				SDKROOT = iphoneos;
				SWIFT_OBJC_BRIDGING_HEADER = "盛世财富/盛世财富-Bridging-Header.h";
				SWIFT_OPTIMIZATION_LEVEL = "-Onone";
				TARGETED_DEVICE_FAMILY = "1,2";
			};
			name = Debug;
		};
		E9D660651AB1313B0020982D /* Release */ = {
			isa = XCBuildConfiguration;
			buildSettings = {
				ALWAYS_SEARCH_USER_PATHS = NO;
				CLANG_CXX_LANGUAGE_STANDARD = "gnu++0x";
				CLANG_CXX_LIBRARY = "libc++";
				CLANG_ENABLE_MODULES = YES;
				CLANG_ENABLE_OBJC_ARC = YES;
				CLANG_WARN_BOOL_CONVERSION = YES;
				CLANG_WARN_CONSTANT_CONVERSION = YES;
				CLANG_WARN_DIRECT_OBJC_ISA_USAGE = YES_ERROR;
				CLANG_WARN_EMPTY_BODY = YES;
				CLANG_WARN_ENUM_CONVERSION = YES;
				CLANG_WARN_INT_CONVERSION = YES;
				CLANG_WARN_OBJC_ROOT_CLASS = YES_ERROR;
				CLANG_WARN_UNREACHABLE_CODE = YES;
				CLANG_WARN__DUPLICATE_METHOD_MATCH = YES;
				"CODE_SIGN_IDENTITY[sdk=iphoneos*]" = "iPhone Developer";
				COPY_PHASE_STRIP = YES;
				ENABLE_NS_ASSERTIONS = NO;
				ENABLE_STRICT_OBJC_MSGSEND = YES;
				GCC_C_LANGUAGE_STANDARD = gnu99;
				GCC_WARN_64_TO_32_BIT_CONVERSION = YES;
				GCC_WARN_ABOUT_RETURN_TYPE = YES_ERROR;
				GCC_WARN_UNDECLARED_SELECTOR = YES;
				GCC_WARN_UNINITIALIZED_AUTOS = YES_AGGRESSIVE;
				GCC_WARN_UNUSED_FUNCTION = YES;
				GCC_WARN_UNUSED_VARIABLE = YES;
				IPHONEOS_DEPLOYMENT_TARGET = 8.1;
				MTL_ENABLE_DEBUG_INFO = NO;
				SDKROOT = iphoneos;
				SWIFT_OBJC_BRIDGING_HEADER = "盛世财富/盛世财富-Bridging-Header.h";
				TARGETED_DEVICE_FAMILY = "1,2";
				VALIDATE_PRODUCT = YES;
			};
			name = Release;
		};
		E9D660671AB1313B0020982D /* Debug */ = {
			isa = XCBuildConfiguration;
			buildSettings = {
				ASSETCATALOG_COMPILER_APPICON_NAME = AppIcon;
				CODE_SIGN_IDENTITY = "iPhone Developer";
				"CODE_SIGN_IDENTITY[sdk=iphoneos*]" = "iPhone Developer";
				INFOPLIST_FILE = "盛世财富/Info.plist";
				LD_RUNPATH_SEARCH_PATHS = "$(inherited) @executable_path/Frameworks";
				PRODUCT_NAME = "$(TARGET_NAME)";
				PROVISIONING_PROFILE = "";
				SWIFT_OBJC_BRIDGING_HEADER = "盛世财富/盛世财富-Bridging-Header.h";
			};
			name = Debug;
		};
		E9D660681AB1313B0020982D /* Release */ = {
			isa = XCBuildConfiguration;
			buildSettings = {
				ASSETCATALOG_COMPILER_APPICON_NAME = AppIcon;
				CODE_SIGN_IDENTITY = "iPhone Developer";
				"CODE_SIGN_IDENTITY[sdk=iphoneos*]" = "iPhone Developer";
				INFOPLIST_FILE = "盛世财富/Info.plist";
				LD_RUNPATH_SEARCH_PATHS = "$(inherited) @executable_path/Frameworks";
				PRODUCT_NAME = "$(TARGET_NAME)";
				PROVISIONING_PROFILE = "";
				SWIFT_OBJC_BRIDGING_HEADER = "盛世财富/盛世财富-Bridging-Header.h";
			};
			name = Release;
		};
		E9D6606A1AB1313B0020982D /* Debug */ = {
			isa = XCBuildConfiguration;
			buildSettings = {
				BUNDLE_LOADER = "$(TEST_HOST)";
				FRAMEWORK_SEARCH_PATHS = (
					"$(SDKROOT)/Developer/Library/Frameworks",
					"$(inherited)",
				);
				GCC_PREPROCESSOR_DEFINITIONS = (
					"DEBUG=1",
					"$(inherited)",
				);
				INFOPLIST_FILE = "盛世财富Tests/Info.plist";
				LD_RUNPATH_SEARCH_PATHS = "$(inherited) @executable_path/Frameworks @loader_path/Frameworks";
				PRODUCT_NAME = "$(TARGET_NAME)";
				TEST_HOST = "$(BUILT_PRODUCTS_DIR)/盛世财富.app/盛世财富";
			};
			name = Debug;
		};
		E9D6606B1AB1313B0020982D /* Release */ = {
			isa = XCBuildConfiguration;
			buildSettings = {
				BUNDLE_LOADER = "$(TEST_HOST)";
				FRAMEWORK_SEARCH_PATHS = (
					"$(SDKROOT)/Developer/Library/Frameworks",
					"$(inherited)",
				);
				INFOPLIST_FILE = "盛世财富Tests/Info.plist";
				LD_RUNPATH_SEARCH_PATHS = "$(inherited) @executable_path/Frameworks @loader_path/Frameworks";
				PRODUCT_NAME = "$(TARGET_NAME)";
				TEST_HOST = "$(BUILT_PRODUCTS_DIR)/盛世财富.app/盛世财富";
			};
			name = Release;
		};
/* End XCBuildConfiguration section */

/* Begin XCConfigurationList section */
		E9D660421AB1313B0020982D /* Build configuration list for PBXProject "盛世财富" */ = {
			isa = XCConfigurationList;
			buildConfigurations = (
				E9D660641AB1313B0020982D /* Debug */,
				E9D660651AB1313B0020982D /* Release */,
			);
			defaultConfigurationIsVisible = 0;
			defaultConfigurationName = Release;
		};
		E9D660661AB1313B0020982D /* Build configuration list for PBXNativeTarget "盛世财富" */ = {
			isa = XCConfigurationList;
			buildConfigurations = (
				E9D660671AB1313B0020982D /* Debug */,
				E9D660681AB1313B0020982D /* Release */,
			);
			defaultConfigurationIsVisible = 0;
			defaultConfigurationName = Release;
		};
		E9D660691AB1313B0020982D /* Build configuration list for PBXNativeTarget "盛世财富Tests" */ = {
			isa = XCConfigurationList;
			buildConfigurations = (
				E9D6606A1AB1313B0020982D /* Debug */,
				E9D6606B1AB1313B0020982D /* Release */,
			);
			defaultConfigurationIsVisible = 0;
			defaultConfigurationName = Release;
		};
/* End XCConfigurationList section */
	};
	rootObject = E9D6603F1AB1313B0020982D /* Project object */;
}
