// !$*UTF8*$!
{
	archiveVersion = 1;
	classes = {
	};
	objectVersion = 46;
	objects = {

/* Begin PBXBuildFile section */
		5906B2451B0F103F00ADA082 /* LLLockIndicator.m in Sources */ = {isa = PBXBuildFile; fileRef = 5906B23D1B0F103F00ADA082 /* LLLockIndicator.m */; };
		5906B2461B0F103F00ADA082 /* LLLockPassword.m in Sources */ = {isa = PBXBuildFile; fileRef = 5906B23F1B0F103F00ADA082 /* LLLockPassword.m */; };
		5906B2471B0F103F00ADA082 /* LLLockView.m in Sources */ = {isa = PBXBuildFile; fileRef = 5906B2411B0F103F00ADA082 /* LLLockView.m */; };
		5906B2481B0F103F00ADA082 /* LLLockViewController.m in Sources */ = {isa = PBXBuildFile; fileRef = 5906B2431B0F103F00ADA082 /* LLLockViewController.m */; };
		5906B2491B0F103F00ADA082 /* LLLockViewController.xib in Resources */ = {isa = PBXBuildFile; fileRef = 5906B2441B0F103F00ADA082 /* LLLockViewController.xib */; };
		5906B24B1B0F125E00ADA082 /* HandPasswordViewController.swift in Sources */ = {isa = PBXBuildFile; fileRef = 5906B24A1B0F125E00ADA082 /* HandPasswordViewController.swift */; };
		5906B24F1B104C0100ADA082 /* OffLineChargeViewController.swift in Sources */ = {isa = PBXBuildFile; fileRef = 5906B24E1B104C0100ADA082 /* OffLineChargeViewController.swift */; };
		591FD1381B0C7CF000BFD74D /* AFHTTPRequestOperation.m in Sources */ = {isa = PBXBuildFile; fileRef = 591FD1261B0C7CF000BFD74D /* AFHTTPRequestOperation.m */; };
		591FD1391B0C7CF000BFD74D /* AFHTTPRequestOperationManager.m in Sources */ = {isa = PBXBuildFile; fileRef = 591FD1281B0C7CF000BFD74D /* AFHTTPRequestOperationManager.m */; };
		591FD13A1B0C7CF000BFD74D /* AFHTTPSessionManager.m in Sources */ = {isa = PBXBuildFile; fileRef = 591FD12A1B0C7CF000BFD74D /* AFHTTPSessionManager.m */; };
		591FD13B1B0C7CF000BFD74D /* AFNetworkReachabilityManager.m in Sources */ = {isa = PBXBuildFile; fileRef = 591FD12D1B0C7CF000BFD74D /* AFNetworkReachabilityManager.m */; };
		591FD13C1B0C7CF000BFD74D /* AFSecurityPolicy.m in Sources */ = {isa = PBXBuildFile; fileRef = 591FD12F1B0C7CF000BFD74D /* AFSecurityPolicy.m */; };
		591FD13D1B0C7CF000BFD74D /* AFURLConnectionOperation.m in Sources */ = {isa = PBXBuildFile; fileRef = 591FD1311B0C7CF000BFD74D /* AFURLConnectionOperation.m */; };
		591FD13E1B0C7CF000BFD74D /* AFURLRequestSerialization.m in Sources */ = {isa = PBXBuildFile; fileRef = 591FD1331B0C7CF000BFD74D /* AFURLRequestSerialization.m */; };
		591FD13F1B0C7CF000BFD74D /* AFURLResponseSerialization.m in Sources */ = {isa = PBXBuildFile; fileRef = 591FD1351B0C7CF000BFD74D /* AFURLResponseSerialization.m */; };
		591FD1401B0C7CF000BFD74D /* AFURLSessionManager.m in Sources */ = {isa = PBXBuildFile; fileRef = 591FD1371B0C7CF000BFD74D /* AFURLSessionManager.m */; };
		592A9F251B035095006B63D9 /* loading.swift in Sources */ = {isa = PBXBuildFile; fileRef = 592A9F241B035095006B63D9 /* loading.swift */; };
		592F90741B03249E00B9969B /* DaiDodgeKeyboard+AccessObject.m in Sources */ = {isa = PBXBuildFile; fileRef = 592F906B1B03249E00B9969B /* DaiDodgeKeyboard+AccessObject.m */; };
		592F90751B03249E00B9969B /* DaiDodgeKeyboard+Animation.m in Sources */ = {isa = PBXBuildFile; fileRef = 592F906D1B03249E00B9969B /* DaiDodgeKeyboard+Animation.m */; };
		592F90761B03249E00B9969B /* DaiDodgeKeyboard.m in Sources */ = {isa = PBXBuildFile; fileRef = 592F906F1B03249E00B9969B /* DaiDodgeKeyboard.m */; };
		592F90771B03249E00B9969B /* DaiDodgeKeyboardObjects.m in Sources */ = {isa = PBXBuildFile; fileRef = 592F90711B03249E00B9969B /* DaiDodgeKeyboardObjects.m */; };
		592F90781B03249E00B9969B /* UIView+FirstResponderNotify.m in Sources */ = {isa = PBXBuildFile; fileRef = 592F90731B03249E00B9969B /* UIView+FirstResponderNotify.m */; };
		594200AC1B1324070005E671 /* FindPasswordViewController.swift in Sources */ = {isa = PBXBuildFile; fileRef = 594200AA1B1324070005E671 /* FindPasswordViewController.swift */; };
		594200AD1B1324070005E671 /* GetCashViewController.swift in Sources */ = {isa = PBXBuildFile; fileRef = 594200AB1B1324070005E671 /* GetCashViewController.swift */; };
		594E5B4F1AFA102500218DA5 /* NewPersonCenterViewController.swift in Sources */ = {isa = PBXBuildFile; fileRef = 594E5B4E1AFA102500218DA5 /* NewPersonCenterViewController.swift */; };
		595C8DC51B07317800989977 /* NavigationExtension.swift in Sources */ = {isa = PBXBuildFile; fileRef = 595C8DC41B07317800989977 /* NavigationExtension.swift */; };
		598A77841AF9E48600DE4271 /* TabBarViewController.swift in Sources */ = {isa = PBXBuildFile; fileRef = 598A77831AF9E48600DE4271 /* TabBarViewController.swift */; };
		59BEC4191B05CD5300F5690D /* UserMoneyViewController.swift in Sources */ = {isa = PBXBuildFile; fileRef = 59BEC4181B05CD5300F5690D /* UserMoneyViewController.swift */; };
		59BEC41B1B07124200F5690D /* BidRecordViewController.swift in Sources */ = {isa = PBXBuildFile; fileRef = 59BEC41A1B07124200F5690D /* BidRecordViewController.swift */; };
		59C540831B2814DD0061B44C /* EmptyView.swift in Sources */ = {isa = PBXBuildFile; fileRef = 59C540821B2814DD0061B44C /* EmptyView.swift */; };
		59D214BB1AFC9AD800677C26 /* AlertView.swift in Sources */ = {isa = PBXBuildFile; fileRef = 59D214BA1AFC9AD800677C26 /* AlertView.swift */; };
		CD0858361B1EED2000A653C2 /* GopayNewPlatformLibraryWeb.framework in Frameworks */ = {isa = PBXBuildFile; fileRef = CD0858351B1EED2000A653C2 /* GopayNewPlatformLibraryWeb.framework */; };
		CDBEF4171B29A4040025FBD4 /* aaTableViewController.swift in Sources */ = {isa = PBXBuildFile; fileRef = CDBEF4161B29A4040025FBD4 /* aaTableViewController.swift */; };
		CDD3BE001B1FF6EB00CE6323 /* FindViewController.swift in Sources */ = {isa = PBXBuildFile; fileRef = CDD3BDFF1B1FF6EB00CE6323 /* FindViewController.swift */; };
		CDD3BE021B1FFA9D00CE6323 /* FindResultsViewController.swift in Sources */ = {isa = PBXBuildFile; fileRef = CDD3BE011B1FFA9D00CE6323 /* FindResultsViewController.swift */; };
		CDD3BE041B1FFD1800CE6323 /* sortednames.plist in Resources */ = {isa = PBXBuildFile; fileRef = CDD3BE031B1FFD1800CE6323 /* sortednames.plist */; };
		CDDCBA271B1EC6D100A4F54B /* BaoFooPay.framework in Frameworks */ = {isa = PBXBuildFile; fileRef = CDDCBA261B1EC6D100A4F54B /* BaoFooPay.framework */; settings = {ATTRIBUTES = (Weak, ); }; };
		CDE0CA661B26A5980079DB21 /* CircleView.swift in Sources */ = {isa = PBXBuildFile; fileRef = CDE0CA651B26A5980079DB21 /* CircleView.swift */; };
		CDE0CA681B26C4780079DB21 /* Images.xcassets in Resources */ = {isa = PBXBuildFile; fileRef = CDE0CA671B26C4780079DB21 /* Images.xcassets */; };
		CDE4EED21B1DC06D00FB95CA /* NewsTableViewController.swift in Sources */ = {isa = PBXBuildFile; fileRef = CDE4EED11B1DC06D00FB95CA /* NewsTableViewController.swift */; };
		CDE4EED41B1DCBF900FB95CA /* IndexTableViewController.swift in Sources */ = {isa = PBXBuildFile; fileRef = CDE4EED31B1DCBF900FB95CA /* IndexTableViewController.swift */; };
		D8B251181B0041AE00360F4E /* Reachability.m in Sources */ = {isa = PBXBuildFile; fileRef = D8B251171B0041AE00360F4E /* Reachability.m */; };
		D8B2511A1B00460B00360F4E /* SystemConfiguration.framework in Frameworks */ = {isa = PBXBuildFile; fileRef = D8B251191B00460B00360F4E /* SystemConfiguration.framework */; };
		E90EA27C1ABFAB5D006D22E6 /* LoginViewController.swift in Sources */ = {isa = PBXBuildFile; fileRef = E90EA27B1ABFAB5D006D22E6 /* LoginViewController.swift */; };
		E93714CA1B074F79009B9B80 /* ModifyLoginPasswordViewController.swift in Sources */ = {isa = PBXBuildFile; fileRef = E93714C91B074F79009B9B80 /* ModifyLoginPasswordViewController.swift */; };
		E93732B11ACA32F600423B7E /* MyMenuTableViewController.swift in Sources */ = {isa = PBXBuildFile; fileRef = E93732B01ACA32F600423B7E /* MyMenuTableViewController.swift */; };
		E93B725E1B070DDE00B28672 /* InvestorSummaryTableViewController.swift in Sources */ = {isa = PBXBuildFile; fileRef = E93B725D1B070DDE00B28672 /* InvestorSummaryTableViewController.swift */; };
		E94E95A51B0AD34F00E717DE /* CACustomTextLayer.m in Sources */ = {isa = PBXBuildFile; fileRef = E94E95A21B0AD34F00E717DE /* CACustomTextLayer.m */; };
		E94E95A61B0AD34F00E717DE /* NJDBezierCurve.m in Sources */ = {isa = PBXBuildFile; fileRef = E94E95A41B0AD34F00E717DE /* NJDBezierCurve.m */; };
		E94E95A81B0AD3DD00E717DE /* Main.storyboard in Resources */ = {isa = PBXBuildFile; fileRef = E94E95A71B0AD3DD00E717DE /* Main.storyboard */; };
		E95684F21B06D8FA00F46FF0 /* AccountInfoTableViewController.swift in Sources */ = {isa = PBXBuildFile; fileRef = E95684F11B06D8FA00F46FF0 /* AccountInfoTableViewController.swift */; };
		E9608D9F1B1577960025D247 /* VerifyRealNameViewController.swift in Sources */ = {isa = PBXBuildFile; fileRef = E9608D9E1B1577960025D247 /* VerifyRealNameViewController.swift */; };
		E961E1241AC8DCBC0021ED14 /* RECommonFunctions.m in Sources */ = {isa = PBXBuildFile; fileRef = E961E11B1AC8DCBC0021ED14 /* RECommonFunctions.m */; };
		E961E1251AC8DCBC0021ED14 /* REMenu.m in Sources */ = {isa = PBXBuildFile; fileRef = E961E11D1AC8DCBC0021ED14 /* REMenu.m */; };
		E961E1261AC8DCBC0021ED14 /* REMenuContainerView.m in Sources */ = {isa = PBXBuildFile; fileRef = E961E11F1AC8DCBC0021ED14 /* REMenuContainerView.m */; };
		E961E1271AC8DCBC0021ED14 /* REMenuItem.m in Sources */ = {isa = PBXBuildFile; fileRef = E961E1211AC8DCBC0021ED14 /* REMenuItem.m */; };
		E961E1281AC8DCBC0021ED14 /* REMenuItemView.m in Sources */ = {isa = PBXBuildFile; fileRef = E961E1231AC8DCBC0021ED14 /* REMenuItemView.m */; };
		E96B1E731AB6BFB300C61870 /* AllListViewController.swift in Sources */ = {isa = PBXBuildFile; fileRef = E96B1E721AB6BFB300C61870 /* AllListViewController.swift */; };
		E96B2ED21B0833A500B4197B /* ModifyPinPasswordViewController.swift in Sources */ = {isa = PBXBuildFile; fileRef = E96B2ED11B0833A500B4197B /* ModifyPinPasswordViewController.swift */; };
		E96B2F081B08673900B4197B /* MDRadialProgressLabel.m in Sources */ = {isa = PBXBuildFile; fileRef = E96B2F031B08673900B4197B /* MDRadialProgressLabel.m */; };
		E96B2F091B08673900B4197B /* MDRadialProgressTheme.m in Sources */ = {isa = PBXBuildFile; fileRef = E96B2F051B08673900B4197B /* MDRadialProgressTheme.m */; };
		E96B2F0A1B08673900B4197B /* MDRadialProgressView.m in Sources */ = {isa = PBXBuildFile; fileRef = E96B2F071B08673900B4197B /* MDRadialProgressView.m */; };
		E96E52411B0C577800CFD8E2 /* Common.swift in Sources */ = {isa = PBXBuildFile; fileRef = E96E52401B0C577800CFD8E2 /* Common.swift */; };
		E96E52451B0C865800CFD8E2 /* ModifyPhoneStepFirstViewController.swift in Sources */ = {isa = PBXBuildFile; fileRef = E96E52441B0C865800CFD8E2 /* ModifyPhoneStepFirstViewController.swift */; };
		E96E52471B0C868900CFD8E2 /* ModifyPhoneStepSecondViewController.swift in Sources */ = {isa = PBXBuildFile; fileRef = E96E52461B0C868900CFD8E2 /* ModifyPhoneStepSecondViewController.swift */; };
		E977F3F41AC540E7008C2F8A /* RegisterViewController.swift in Sources */ = {isa = PBXBuildFile; fileRef = E977F3F31AC540E7008C2F8A /* RegisterViewController.swift */; };
		E99D36DF1B16F28B00167132 /* BandBankController.swift in Sources */ = {isa = PBXBuildFile; fileRef = E99D36DE1B16F28B00167132 /* BandBankController.swift */; };
		E99D36E11B16F29900167132 /* BandBankViewController.swift in Sources */ = {isa = PBXBuildFile; fileRef = E99D36E01B16F29900167132 /* BandBankViewController.swift */; };
		E9AB8FA01B12FD55004A77D7 /* UserGuideViewController.swift in Sources */ = {isa = PBXBuildFile; fileRef = E9AB8F9F1B12FD55004A77D7 /* UserGuideViewController.swift */; };
		E9B370FE1B1046CF00C6766C /* PayLogTableViewController.swift in Sources */ = {isa = PBXBuildFile; fileRef = E9B370FD1B1046CF00C6766C /* PayLogTableViewController.swift */; };
		E9B9EF4C1AC8E00600E46714 /* BidListViewController.swift in Sources */ = {isa = PBXBuildFile; fileRef = E9B9EF4B1AC8E00600E46714 /* BidListViewController.swift */; };
		E9BEE1AD1AC24CF10049600C /* HttpController.swift in Sources */ = {isa = PBXBuildFile; fileRef = E9BEE1AC1AC24CF10049600C /* HttpController.swift */; };
		E9C544C41AE8914800B50D8C /* BidConfirmViewController.swift in Sources */ = {isa = PBXBuildFile; fileRef = E9C544C31AE8914800B50D8C /* BidConfirmViewController.swift */; };
		E9C54E061AB7BCD400D4722C /* LendDetailViewController.swift in Sources */ = {isa = PBXBuildFile; fileRef = E9C54E051AB7BCD400D4722C /* LendDetailViewController.swift */; };
		E9C605B21ABBB9C500752D91 /* Refresh.swift in Sources */ = {isa = PBXBuildFile; fileRef = E9C605AC1ABBB9C500752D91 /* Refresh.swift */; };
		E9C605B31ABBB9C500752D91 /* RefreshBaseView.swift in Sources */ = {isa = PBXBuildFile; fileRef = E9C605AD1ABBB9C500752D91 /* RefreshBaseView.swift */; };
		E9C605B41ABBB9C500752D91 /* RefreshConst.swift in Sources */ = {isa = PBXBuildFile; fileRef = E9C605AE1ABBB9C500752D91 /* RefreshConst.swift */; };
		E9C605B51ABBB9C500752D91 /* RefreshFooterView.swift in Sources */ = {isa = PBXBuildFile; fileRef = E9C605AF1ABBB9C500752D91 /* RefreshFooterView.swift */; };
		E9C605B61ABBB9C500752D91 /* RefreshHeaderView.swift in Sources */ = {isa = PBXBuildFile; fileRef = E9C605B01ABBB9C500752D91 /* RefreshHeaderView.swift */; };
		E9C605B71ABBB9C500752D91 /* UIScrollView+Refresh.swift in Sources */ = {isa = PBXBuildFile; fileRef = E9C605B11ABBB9C500752D91 /* UIScrollView+Refresh.swift */; };
		E9C70C061AC0FB2100E1CA8D /* MoreViewController.swift in Sources */ = {isa = PBXBuildFile; fileRef = E9C70C051AC0FB2100E1CA8D /* MoreViewController.swift */; };
		E9C70C081AC1035B00E1CA8D /* IdeaViewController.swift in Sources */ = {isa = PBXBuildFile; fileRef = E9C70C071AC1035B00E1CA8D /* IdeaViewController.swift */; };
		E9C70C0A1AC108AC00E1CA8D /* AboutViewController.swift in Sources */ = {isa = PBXBuildFile; fileRef = E9C70C091AC108AC00E1CA8D /* AboutViewController.swift */; };
		E9CC27261B22D9A300056EFC /* RealTimeFinanceViewController.swift in Sources */ = {isa = PBXBuildFile; fileRef = E9CC27251B22D9A300056EFC /* RealTimeFinanceViewController.swift */; };
		E9D6604D1AB1313B0020982D /* AppDelegate.swift in Sources */ = {isa = PBXBuildFile; fileRef = E9D6604C1AB1313B0020982D /* AppDelegate.swift */; };
		E9D6604F1AB1313B0020982D /* LendViewController.swift in Sources */ = {isa = PBXBuildFile; fileRef = E9D6604E1AB1313B0020982D /* LendViewController.swift */; };
		E9D660571AB1313B0020982D /* LaunchScreen.xib in Resources */ = {isa = PBXBuildFile; fileRef = E9D660551AB1313B0020982D /* LaunchScreen.xib */; };
		E9D660631AB1313B0020982D /* ____Tests.swift in Sources */ = {isa = PBXBuildFile; fileRef = E9D660621AB1313B0020982D /* ____Tests.swift */; };
		E9E304041B09A6A90021D006 /* SetPinPasswordViewController.swift in Sources */ = {isa = PBXBuildFile; fileRef = E9E304031B09A6A90021D006 /* SetPinPasswordViewController.swift */; };
		E9E304061B09AAD20021D006 /* AccountSafeTableViewController.swift in Sources */ = {isa = PBXBuildFile; fileRef = E9E304051B09AAD20021D006 /* AccountSafeTableViewController.swift */; };
		E9E5211F1B05E3D900A41EEA /* YYCycleScrollView.swift in Sources */ = {isa = PBXBuildFile; fileRef = E9E5211E1B05E3D900A41EEA /* YYCycleScrollView.swift */; };
		E9E8E9461B0B22FA0074F41A /* ContentViewController.swift in Sources */ = {isa = PBXBuildFile; fileRef = E9E8E9451B0B22FA0074F41A /* ContentViewController.swift */; };
		E9EBF63C1B2BC28C009924DD /* CurrentFinancialViewController.swift in Sources */ = {isa = PBXBuildFile; fileRef = E9EBF63B1B2BC28C009924DD /* CurrentFinancialViewController.swift */; };
		E9F3DFF11B0DD53F00F8F3AA /* UIView+Toast.m in Sources */ = {isa = PBXBuildFile; fileRef = E9F3DFF01B0DD53F00F8F3AA /* UIView+Toast.m */; };
		E9FC8DCC1B297C5000C74EED /* NewDetailScrollViewController.swift in Sources */ = {isa = PBXBuildFile; fileRef = E9FC8DCB1B297C5000C74EED /* NewDetailScrollViewController.swift */; };
		E9FE8EFB1B2C1EED00747E1C /* area.json in Resources */ = {isa = PBXBuildFile; fileRef = E9FE8EFA1B2C1EED00747E1C /* area.json */; };
		E9FE8EFD1B2C204200747E1C /* BandBankControllerExtension.swift in Sources */ = {isa = PBXBuildFile; fileRef = E9FE8EFC1B2C204200747E1C /* BandBankControllerExtension.swift */; };
		E9FF4D141B228A3F005FCAAA /* NewsDetailViewController.swift in Sources */ = {isa = PBXBuildFile; fileRef = E9FF4D131B228A3F005FCAAA /* NewsDetailViewController.swift */; };
/* End PBXBuildFile section */

/* Begin PBXContainerItemProxy section */
		E9D6605D1AB1313B0020982D /* PBXContainerItemProxy */ = {
			isa = PBXContainerItemProxy;
			containerPortal = E9D6603F1AB1313B0020982D /* Project object */;
			proxyType = 1;
			remoteGlobalIDString = E9D660461AB1313B0020982D;
			remoteInfo = "盛世财富";
		};
/* End PBXContainerItemProxy section */

/* Begin PBXFileReference section */
		5906B23B1B0F103F00ADA082 /* LLLockConfig.h */ = {isa = PBXFileReference; fileEncoding = 4; lastKnownFileType = sourcecode.c.h; path = LLLockConfig.h; sourceTree = "<group>"; };
		5906B23C1B0F103F00ADA082 /* LLLockIndicator.h */ = {isa = PBXFileReference; fileEncoding = 4; lastKnownFileType = sourcecode.c.h; path = LLLockIndicator.h; sourceTree = "<group>"; };
		5906B23D1B0F103F00ADA082 /* LLLockIndicator.m */ = {isa = PBXFileReference; fileEncoding = 4; lastKnownFileType = sourcecode.c.objc; path = LLLockIndicator.m; sourceTree = "<group>"; };
		5906B23E1B0F103F00ADA082 /* LLLockPassword.h */ = {isa = PBXFileReference; fileEncoding = 4; lastKnownFileType = sourcecode.c.h; path = LLLockPassword.h; sourceTree = "<group>"; };
		5906B23F1B0F103F00ADA082 /* LLLockPassword.m */ = {isa = PBXFileReference; fileEncoding = 4; lastKnownFileType = sourcecode.c.objc; path = LLLockPassword.m; sourceTree = "<group>"; };
		5906B2401B0F103F00ADA082 /* LLLockView.h */ = {isa = PBXFileReference; fileEncoding = 4; lastKnownFileType = sourcecode.c.h; path = LLLockView.h; sourceTree = "<group>"; };
		5906B2411B0F103F00ADA082 /* LLLockView.m */ = {isa = PBXFileReference; fileEncoding = 4; lastKnownFileType = sourcecode.c.objc; path = LLLockView.m; sourceTree = "<group>"; };
		5906B2421B0F103F00ADA082 /* LLLockViewController.h */ = {isa = PBXFileReference; fileEncoding = 4; lastKnownFileType = sourcecode.c.h; path = LLLockViewController.h; sourceTree = "<group>"; };
		5906B2431B0F103F00ADA082 /* LLLockViewController.m */ = {isa = PBXFileReference; fileEncoding = 4; lastKnownFileType = sourcecode.c.objc; path = LLLockViewController.m; sourceTree = "<group>"; };
		5906B2441B0F103F00ADA082 /* LLLockViewController.xib */ = {isa = PBXFileReference; fileEncoding = 4; lastKnownFileType = file.xib; path = LLLockViewController.xib; sourceTree = "<group>"; };
		5906B24A1B0F125E00ADA082 /* HandPasswordViewController.swift */ = {isa = PBXFileReference; fileEncoding = 4; lastKnownFileType = sourcecode.swift; path = HandPasswordViewController.swift; sourceTree = "<group>"; };
		5906B24E1B104C0100ADA082 /* OffLineChargeViewController.swift */ = {isa = PBXFileReference; fileEncoding = 4; lastKnownFileType = sourcecode.swift; path = OffLineChargeViewController.swift; sourceTree = "<group>"; };
		591FD1251B0C7CF000BFD74D /* AFHTTPRequestOperation.h */ = {isa = PBXFileReference; fileEncoding = 4; lastKnownFileType = sourcecode.c.h; path = AFHTTPRequestOperation.h; sourceTree = "<group>"; };
		591FD1261B0C7CF000BFD74D /* AFHTTPRequestOperation.m */ = {isa = PBXFileReference; fileEncoding = 4; lastKnownFileType = sourcecode.c.objc; path = AFHTTPRequestOperation.m; sourceTree = "<group>"; };
		591FD1271B0C7CF000BFD74D /* AFHTTPRequestOperationManager.h */ = {isa = PBXFileReference; fileEncoding = 4; lastKnownFileType = sourcecode.c.h; path = AFHTTPRequestOperationManager.h; sourceTree = "<group>"; };
		591FD1281B0C7CF000BFD74D /* AFHTTPRequestOperationManager.m */ = {isa = PBXFileReference; fileEncoding = 4; lastKnownFileType = sourcecode.c.objc; path = AFHTTPRequestOperationManager.m; sourceTree = "<group>"; };
		591FD1291B0C7CF000BFD74D /* AFHTTPSessionManager.h */ = {isa = PBXFileReference; fileEncoding = 4; lastKnownFileType = sourcecode.c.h; path = AFHTTPSessionManager.h; sourceTree = "<group>"; };
		591FD12A1B0C7CF000BFD74D /* AFHTTPSessionManager.m */ = {isa = PBXFileReference; fileEncoding = 4; lastKnownFileType = sourcecode.c.objc; path = AFHTTPSessionManager.m; sourceTree = "<group>"; };
		591FD12B1B0C7CF000BFD74D /* AFNetworking.h */ = {isa = PBXFileReference; fileEncoding = 4; lastKnownFileType = sourcecode.c.h; path = AFNetworking.h; sourceTree = "<group>"; };
		591FD12C1B0C7CF000BFD74D /* AFNetworkReachabilityManager.h */ = {isa = PBXFileReference; fileEncoding = 4; lastKnownFileType = sourcecode.c.h; path = AFNetworkReachabilityManager.h; sourceTree = "<group>"; };
		591FD12D1B0C7CF000BFD74D /* AFNetworkReachabilityManager.m */ = {isa = PBXFileReference; fileEncoding = 4; lastKnownFileType = sourcecode.c.objc; path = AFNetworkReachabilityManager.m; sourceTree = "<group>"; };
		591FD12E1B0C7CF000BFD74D /* AFSecurityPolicy.h */ = {isa = PBXFileReference; fileEncoding = 4; lastKnownFileType = sourcecode.c.h; path = AFSecurityPolicy.h; sourceTree = "<group>"; };
		591FD12F1B0C7CF000BFD74D /* AFSecurityPolicy.m */ = {isa = PBXFileReference; fileEncoding = 4; lastKnownFileType = sourcecode.c.objc; path = AFSecurityPolicy.m; sourceTree = "<group>"; };
		591FD1301B0C7CF000BFD74D /* AFURLConnectionOperation.h */ = {isa = PBXFileReference; fileEncoding = 4; lastKnownFileType = sourcecode.c.h; path = AFURLConnectionOperation.h; sourceTree = "<group>"; };
		591FD1311B0C7CF000BFD74D /* AFURLConnectionOperation.m */ = {isa = PBXFileReference; fileEncoding = 4; lastKnownFileType = sourcecode.c.objc; path = AFURLConnectionOperation.m; sourceTree = "<group>"; };
		591FD1321B0C7CF000BFD74D /* AFURLRequestSerialization.h */ = {isa = PBXFileReference; fileEncoding = 4; lastKnownFileType = sourcecode.c.h; path = AFURLRequestSerialization.h; sourceTree = "<group>"; };
		591FD1331B0C7CF000BFD74D /* AFURLRequestSerialization.m */ = {isa = PBXFileReference; fileEncoding = 4; lastKnownFileType = sourcecode.c.objc; path = AFURLRequestSerialization.m; sourceTree = "<group>"; };
		591FD1341B0C7CF000BFD74D /* AFURLResponseSerialization.h */ = {isa = PBXFileReference; fileEncoding = 4; lastKnownFileType = sourcecode.c.h; path = AFURLResponseSerialization.h; sourceTree = "<group>"; };
		591FD1351B0C7CF000BFD74D /* AFURLResponseSerialization.m */ = {isa = PBXFileReference; fileEncoding = 4; lastKnownFileType = sourcecode.c.objc; path = AFURLResponseSerialization.m; sourceTree = "<group>"; };
		591FD1361B0C7CF000BFD74D /* AFURLSessionManager.h */ = {isa = PBXFileReference; fileEncoding = 4; lastKnownFileType = sourcecode.c.h; path = AFURLSessionManager.h; sourceTree = "<group>"; };
		591FD1371B0C7CF000BFD74D /* AFURLSessionManager.m */ = {isa = PBXFileReference; fileEncoding = 4; lastKnownFileType = sourcecode.c.objc; path = AFURLSessionManager.m; sourceTree = "<group>"; };
		592A9F241B035095006B63D9 /* loading.swift */ = {isa = PBXFileReference; fileEncoding = 4; lastKnownFileType = sourcecode.swift; path = loading.swift; sourceTree = "<group>"; };
		592F906A1B03249E00B9969B /* DaiDodgeKeyboard+AccessObject.h */ = {isa = PBXFileReference; fileEncoding = 4; lastKnownFileType = sourcecode.c.h; path = "DaiDodgeKeyboard+AccessObject.h"; sourceTree = "<group>"; };
		592F906B1B03249E00B9969B /* DaiDodgeKeyboard+AccessObject.m */ = {isa = PBXFileReference; fileEncoding = 4; lastKnownFileType = sourcecode.c.objc; path = "DaiDodgeKeyboard+AccessObject.m"; sourceTree = "<group>"; };
		592F906C1B03249E00B9969B /* DaiDodgeKeyboard+Animation.h */ = {isa = PBXFileReference; fileEncoding = 4; lastKnownFileType = sourcecode.c.h; path = "DaiDodgeKeyboard+Animation.h"; sourceTree = "<group>"; };
		592F906D1B03249E00B9969B /* DaiDodgeKeyboard+Animation.m */ = {isa = PBXFileReference; fileEncoding = 4; lastKnownFileType = sourcecode.c.objc; path = "DaiDodgeKeyboard+Animation.m"; sourceTree = "<group>"; };
		592F906E1B03249E00B9969B /* DaiDodgeKeyboard.h */ = {isa = PBXFileReference; fileEncoding = 4; lastKnownFileType = sourcecode.c.h; path = DaiDodgeKeyboard.h; sourceTree = "<group>"; };
		592F906F1B03249E00B9969B /* DaiDodgeKeyboard.m */ = {isa = PBXFileReference; fileEncoding = 4; lastKnownFileType = sourcecode.c.objc; path = DaiDodgeKeyboard.m; sourceTree = "<group>"; };
		592F90701B03249E00B9969B /* DaiDodgeKeyboardObjects.h */ = {isa = PBXFileReference; fileEncoding = 4; lastKnownFileType = sourcecode.c.h; path = DaiDodgeKeyboardObjects.h; sourceTree = "<group>"; };
		592F90711B03249E00B9969B /* DaiDodgeKeyboardObjects.m */ = {isa = PBXFileReference; fileEncoding = 4; lastKnownFileType = sourcecode.c.objc; path = DaiDodgeKeyboardObjects.m; sourceTree = "<group>"; };
		592F90721B03249E00B9969B /* UIView+FirstResponderNotify.h */ = {isa = PBXFileReference; fileEncoding = 4; lastKnownFileType = sourcecode.c.h; path = "UIView+FirstResponderNotify.h"; sourceTree = "<group>"; };
		592F90731B03249E00B9969B /* UIView+FirstResponderNotify.m */ = {isa = PBXFileReference; fileEncoding = 4; lastKnownFileType = sourcecode.c.objc; path = "UIView+FirstResponderNotify.m"; sourceTree = "<group>"; };
		594200AA1B1324070005E671 /* FindPasswordViewController.swift */ = {isa = PBXFileReference; fileEncoding = 4; lastKnownFileType = sourcecode.swift; path = FindPasswordViewController.swift; sourceTree = "<group>"; };
		594200AB1B1324070005E671 /* GetCashViewController.swift */ = {isa = PBXFileReference; fileEncoding = 4; lastKnownFileType = sourcecode.swift; path = GetCashViewController.swift; sourceTree = "<group>"; };
		594E5B4E1AFA102500218DA5 /* NewPersonCenterViewController.swift */ = {isa = PBXFileReference; fileEncoding = 4; lastKnownFileType = sourcecode.swift; lineEnding = 0; path = NewPersonCenterViewController.swift; sourceTree = "<group>"; xcLanguageSpecificationIdentifier = xcode.lang.swift; };
		595C8DC41B07317800989977 /* NavigationExtension.swift */ = {isa = PBXFileReference; fileEncoding = 4; lastKnownFileType = sourcecode.swift; path = NavigationExtension.swift; sourceTree = "<group>"; };
		598A77831AF9E48600DE4271 /* TabBarViewController.swift */ = {isa = PBXFileReference; fileEncoding = 4; lastKnownFileType = sourcecode.swift; path = TabBarViewController.swift; sourceTree = "<group>"; };
		59BEC4181B05CD5300F5690D /* UserMoneyViewController.swift */ = {isa = PBXFileReference; fileEncoding = 4; lastKnownFileType = sourcecode.swift; lineEnding = 0; path = UserMoneyViewController.swift; sourceTree = "<group>"; xcLanguageSpecificationIdentifier = xcode.lang.swift; };
		59BEC41A1B07124200F5690D /* BidRecordViewController.swift */ = {isa = PBXFileReference; fileEncoding = 4; lastKnownFileType = sourcecode.swift; lineEnding = 0; path = BidRecordViewController.swift; sourceTree = "<group>"; xcLanguageSpecificationIdentifier = xcode.lang.swift; };
		59C540821B2814DD0061B44C /* EmptyView.swift */ = {isa = PBXFileReference; fileEncoding = 4; lastKnownFileType = sourcecode.swift; path = EmptyView.swift; sourceTree = "<group>"; };
		59D214BA1AFC9AD800677C26 /* AlertView.swift */ = {isa = PBXFileReference; fileEncoding = 4; lastKnownFileType = sourcecode.swift; path = AlertView.swift; sourceTree = "<group>"; };
		CD0858351B1EED2000A653C2 /* GopayNewPlatformLibraryWeb.framework */ = {isa = PBXFileReference; lastKnownFileType = wrapper.framework; path = GopayNewPlatformLibraryWeb.framework; sourceTree = "<group>"; };
		CDBEF4161B29A4040025FBD4 /* aaTableViewController.swift */ = {isa = PBXFileReference; fileEncoding = 4; lastKnownFileType = sourcecode.swift; path = aaTableViewController.swift; sourceTree = "<group>"; };
		CDD3BDFF1B1FF6EB00CE6323 /* FindViewController.swift */ = {isa = PBXFileReference; fileEncoding = 4; lastKnownFileType = sourcecode.swift; path = FindViewController.swift; sourceTree = "<group>"; };
		CDD3BE011B1FFA9D00CE6323 /* FindResultsViewController.swift */ = {isa = PBXFileReference; fileEncoding = 4; lastKnownFileType = sourcecode.swift; path = FindResultsViewController.swift; sourceTree = "<group>"; };
		CDD3BE031B1FFD1800CE6323 /* sortednames.plist */ = {isa = PBXFileReference; fileEncoding = 4; lastKnownFileType = text.plist.xml; path = sortednames.plist; sourceTree = "<group>"; };
		CDDCBA261B1EC6D100A4F54B /* BaoFooPay.framework */ = {isa = PBXFileReference; lastKnownFileType = wrapper.framework; path = BaoFooPay.framework; sourceTree = "<group>"; };
		CDE0CA651B26A5980079DB21 /* CircleView.swift */ = {isa = PBXFileReference; fileEncoding = 4; lastKnownFileType = sourcecode.swift; path = CircleView.swift; sourceTree = "<group>"; };
		CDE0CA671B26C4780079DB21 /* Images.xcassets */ = {isa = PBXFileReference; lastKnownFileType = folder.assetcatalog; path = Images.xcassets; sourceTree = "<group>"; };
		CDE4EED11B1DC06D00FB95CA /* NewsTableViewController.swift */ = {isa = PBXFileReference; fileEncoding = 4; lastKnownFileType = sourcecode.swift; path = NewsTableViewController.swift; sourceTree = "<group>"; };
		CDE4EED31B1DCBF900FB95CA /* IndexTableViewController.swift */ = {isa = PBXFileReference; fileEncoding = 4; lastKnownFileType = sourcecode.swift; path = IndexTableViewController.swift; sourceTree = "<group>"; };
		D8B251161B0041AE00360F4E /* Reachability.h */ = {isa = PBXFileReference; fileEncoding = 4; lastKnownFileType = sourcecode.c.h; path = Reachability.h; sourceTree = "<group>"; };
		D8B251171B0041AE00360F4E /* Reachability.m */ = {isa = PBXFileReference; fileEncoding = 4; lastKnownFileType = sourcecode.c.objc; path = Reachability.m; sourceTree = "<group>"; };
		D8B251191B00460B00360F4E /* SystemConfiguration.framework */ = {isa = PBXFileReference; lastKnownFileType = wrapper.framework; name = SystemConfiguration.framework; path = System/Library/Frameworks/SystemConfiguration.framework; sourceTree = SDKROOT; };
		E90EA25D1ABFA1A5006D22E6 /* 盛世财富-Bridging-Header.h */ = {isa = PBXFileReference; fileEncoding = 4; lastKnownFileType = sourcecode.c.h; path = "盛世财富-Bridging-Header.h"; sourceTree = "<group>"; };
		E90EA27B1ABFAB5D006D22E6 /* LoginViewController.swift */ = {isa = PBXFileReference; fileEncoding = 4; lastKnownFileType = sourcecode.swift; lineEnding = 0; path = LoginViewController.swift; sourceTree = "<group>"; xcLanguageSpecificationIdentifier = xcode.lang.swift; };
		E93714C91B074F79009B9B80 /* ModifyLoginPasswordViewController.swift */ = {isa = PBXFileReference; fileEncoding = 4; lastKnownFileType = sourcecode.swift; lineEnding = 0; path = ModifyLoginPasswordViewController.swift; sourceTree = "<group>"; xcLanguageSpecificationIdentifier = xcode.lang.swift; };
		E93732B01ACA32F600423B7E /* MyMenuTableViewController.swift */ = {isa = PBXFileReference; fileEncoding = 4; lastKnownFileType = sourcecode.swift; path = MyMenuTableViewController.swift; sourceTree = "<group>"; };
		E93B725D1B070DDE00B28672 /* InvestorSummaryTableViewController.swift */ = {isa = PBXFileReference; fileEncoding = 4; lastKnownFileType = sourcecode.swift; lineEnding = 0; path = InvestorSummaryTableViewController.swift; sourceTree = "<group>"; xcLanguageSpecificationIdentifier = xcode.lang.swift; };
		E94E95A11B0AD34F00E717DE /* CACustomTextLayer.h */ = {isa = PBXFileReference; fileEncoding = 4; lastKnownFileType = sourcecode.c.h; path = CACustomTextLayer.h; sourceTree = "<group>"; };
		E94E95A21B0AD34F00E717DE /* CACustomTextLayer.m */ = {isa = PBXFileReference; fileEncoding = 4; lastKnownFileType = sourcecode.c.objc; path = CACustomTextLayer.m; sourceTree = "<group>"; };
		E94E95A31B0AD34F00E717DE /* NJDBezierCurve.h */ = {isa = PBXFileReference; fileEncoding = 4; lastKnownFileType = sourcecode.c.h; path = NJDBezierCurve.h; sourceTree = "<group>"; };
		E94E95A41B0AD34F00E717DE /* NJDBezierCurve.m */ = {isa = PBXFileReference; fileEncoding = 4; lastKnownFileType = sourcecode.c.objc; path = NJDBezierCurve.m; sourceTree = "<group>"; };
		E94E95A71B0AD3DD00E717DE /* Main.storyboard */ = {isa = PBXFileReference; fileEncoding = 4; lastKnownFileType = file.storyboard; path = Main.storyboard; sourceTree = "<group>"; };
		E95684F11B06D8FA00F46FF0 /* AccountInfoTableViewController.swift */ = {isa = PBXFileReference; fileEncoding = 4; lastKnownFileType = sourcecode.swift; lineEnding = 0; path = AccountInfoTableViewController.swift; sourceTree = "<group>"; xcLanguageSpecificationIdentifier = xcode.lang.swift; };
		E9608D9E1B1577960025D247 /* VerifyRealNameViewController.swift */ = {isa = PBXFileReference; fileEncoding = 4; lastKnownFileType = sourcecode.swift; path = VerifyRealNameViewController.swift; sourceTree = "<group>"; };
		E961E11A1AC8DCBC0021ED14 /* RECommonFunctions.h */ = {isa = PBXFileReference; fileEncoding = 4; lastKnownFileType = sourcecode.c.h; path = RECommonFunctions.h; sourceTree = "<group>"; };
		E961E11B1AC8DCBC0021ED14 /* RECommonFunctions.m */ = {isa = PBXFileReference; fileEncoding = 4; lastKnownFileType = sourcecode.c.objc; path = RECommonFunctions.m; sourceTree = "<group>"; };
		E961E11C1AC8DCBC0021ED14 /* REMenu.h */ = {isa = PBXFileReference; fileEncoding = 4; lastKnownFileType = sourcecode.c.h; path = REMenu.h; sourceTree = "<group>"; };
		E961E11D1AC8DCBC0021ED14 /* REMenu.m */ = {isa = PBXFileReference; fileEncoding = 4; lastKnownFileType = sourcecode.c.objc; path = REMenu.m; sourceTree = "<group>"; };
		E961E11E1AC8DCBC0021ED14 /* REMenuContainerView.h */ = {isa = PBXFileReference; fileEncoding = 4; lastKnownFileType = sourcecode.c.h; path = REMenuContainerView.h; sourceTree = "<group>"; };
		E961E11F1AC8DCBC0021ED14 /* REMenuContainerView.m */ = {isa = PBXFileReference; fileEncoding = 4; lastKnownFileType = sourcecode.c.objc; path = REMenuContainerView.m; sourceTree = "<group>"; };
		E961E1201AC8DCBC0021ED14 /* REMenuItem.h */ = {isa = PBXFileReference; fileEncoding = 4; lastKnownFileType = sourcecode.c.h; path = REMenuItem.h; sourceTree = "<group>"; };
		E961E1211AC8DCBC0021ED14 /* REMenuItem.m */ = {isa = PBXFileReference; fileEncoding = 4; lastKnownFileType = sourcecode.c.objc; path = REMenuItem.m; sourceTree = "<group>"; };
		E961E1221AC8DCBC0021ED14 /* REMenuItemView.h */ = {isa = PBXFileReference; fileEncoding = 4; lastKnownFileType = sourcecode.c.h; path = REMenuItemView.h; sourceTree = "<group>"; };
		E961E1231AC8DCBC0021ED14 /* REMenuItemView.m */ = {isa = PBXFileReference; fileEncoding = 4; lastKnownFileType = sourcecode.c.objc; path = REMenuItemView.m; sourceTree = "<group>"; };
		E96B1E721AB6BFB300C61870 /* AllListViewController.swift */ = {isa = PBXFileReference; fileEncoding = 4; lastKnownFileType = sourcecode.swift; lineEnding = 0; path = AllListViewController.swift; sourceTree = "<group>"; xcLanguageSpecificationIdentifier = xcode.lang.swift; };
		E96B2ED11B0833A500B4197B /* ModifyPinPasswordViewController.swift */ = {isa = PBXFileReference; fileEncoding = 4; lastKnownFileType = sourcecode.swift; lineEnding = 0; path = ModifyPinPasswordViewController.swift; sourceTree = "<group>"; xcLanguageSpecificationIdentifier = xcode.lang.swift; };
		E96B2F021B08673900B4197B /* MDRadialProgressLabel.h */ = {isa = PBXFileReference; fileEncoding = 4; lastKnownFileType = sourcecode.c.h; path = MDRadialProgressLabel.h; sourceTree = "<group>"; };
		E96B2F031B08673900B4197B /* MDRadialProgressLabel.m */ = {isa = PBXFileReference; fileEncoding = 4; lastKnownFileType = sourcecode.c.objc; path = MDRadialProgressLabel.m; sourceTree = "<group>"; };
		E96B2F041B08673900B4197B /* MDRadialProgressTheme.h */ = {isa = PBXFileReference; fileEncoding = 4; lastKnownFileType = sourcecode.c.h; path = MDRadialProgressTheme.h; sourceTree = "<group>"; };
		E96B2F051B08673900B4197B /* MDRadialProgressTheme.m */ = {isa = PBXFileReference; fileEncoding = 4; lastKnownFileType = sourcecode.c.objc; path = MDRadialProgressTheme.m; sourceTree = "<group>"; };
		E96B2F061B08673900B4197B /* MDRadialProgressView.h */ = {isa = PBXFileReference; fileEncoding = 4; lastKnownFileType = sourcecode.c.h; path = MDRadialProgressView.h; sourceTree = "<group>"; };
		E96B2F071B08673900B4197B /* MDRadialProgressView.m */ = {isa = PBXFileReference; fileEncoding = 4; lastKnownFileType = sourcecode.c.objc; path = MDRadialProgressView.m; sourceTree = "<group>"; };
		E96E52401B0C577800CFD8E2 /* Common.swift */ = {isa = PBXFileReference; fileEncoding = 4; lastKnownFileType = sourcecode.swift; path = Common.swift; sourceTree = "<group>"; };
		E96E52441B0C865800CFD8E2 /* ModifyPhoneStepFirstViewController.swift */ = {isa = PBXFileReference; fileEncoding = 4; lastKnownFileType = sourcecode.swift; lineEnding = 0; path = ModifyPhoneStepFirstViewController.swift; sourceTree = "<group>"; xcLanguageSpecificationIdentifier = xcode.lang.swift; };
		E96E52461B0C868900CFD8E2 /* ModifyPhoneStepSecondViewController.swift */ = {isa = PBXFileReference; fileEncoding = 4; lastKnownFileType = sourcecode.swift; lineEnding = 0; path = ModifyPhoneStepSecondViewController.swift; sourceTree = "<group>"; xcLanguageSpecificationIdentifier = xcode.lang.swift; };
		E977F3F31AC540E7008C2F8A /* RegisterViewController.swift */ = {isa = PBXFileReference; fileEncoding = 4; lastKnownFileType = sourcecode.swift; lineEnding = 0; path = RegisterViewController.swift; sourceTree = "<group>"; xcLanguageSpecificationIdentifier = xcode.lang.swift; };
		E99D36DE1B16F28B00167132 /* BandBankController.swift */ = {isa = PBXFileReference; fileEncoding = 4; lastKnownFileType = sourcecode.swift; path = BandBankController.swift; sourceTree = "<group>"; };
		E99D36E01B16F29900167132 /* BandBankViewController.swift */ = {isa = PBXFileReference; fileEncoding = 4; lastKnownFileType = sourcecode.swift; path = BandBankViewController.swift; sourceTree = "<group>"; };
		E9AB8F9F1B12FD55004A77D7 /* UserGuideViewController.swift */ = {isa = PBXFileReference; fileEncoding = 4; lastKnownFileType = sourcecode.swift; path = UserGuideViewController.swift; sourceTree = "<group>"; };
		E9B370FD1B1046CF00C6766C /* PayLogTableViewController.swift */ = {isa = PBXFileReference; fileEncoding = 4; lastKnownFileType = sourcecode.swift; path = PayLogTableViewController.swift; sourceTree = "<group>"; };
		E9B9EF4B1AC8E00600E46714 /* BidListViewController.swift */ = {isa = PBXFileReference; fileEncoding = 4; lastKnownFileType = sourcecode.swift; lineEnding = 0; path = BidListViewController.swift; sourceTree = "<group>"; xcLanguageSpecificationIdentifier = xcode.lang.swift; };
		E9BEE1AC1AC24CF10049600C /* HttpController.swift */ = {isa = PBXFileReference; fileEncoding = 4; lastKnownFileType = sourcecode.swift; path = HttpController.swift; sourceTree = "<group>"; };
		E9C544C31AE8914800B50D8C /* BidConfirmViewController.swift */ = {isa = PBXFileReference; fileEncoding = 4; lastKnownFileType = sourcecode.swift; lineEnding = 0; path = BidConfirmViewController.swift; sourceTree = "<group>"; xcLanguageSpecificationIdentifier = xcode.lang.swift; };
		E9C54E051AB7BCD400D4722C /* LendDetailViewController.swift */ = {isa = PBXFileReference; fileEncoding = 4; lastKnownFileType = sourcecode.swift; lineEnding = 0; path = LendDetailViewController.swift; sourceTree = "<group>"; xcLanguageSpecificationIdentifier = xcode.lang.swift; };
		E9C605AC1ABBB9C500752D91 /* Refresh.swift */ = {isa = PBXFileReference; fileEncoding = 4; lastKnownFileType = sourcecode.swift; path = Refresh.swift; sourceTree = "<group>"; };
		E9C605AD1ABBB9C500752D91 /* RefreshBaseView.swift */ = {isa = PBXFileReference; fileEncoding = 4; lastKnownFileType = sourcecode.swift; path = RefreshBaseView.swift; sourceTree = "<group>"; };
		E9C605AE1ABBB9C500752D91 /* RefreshConst.swift */ = {isa = PBXFileReference; fileEncoding = 4; lastKnownFileType = sourcecode.swift; path = RefreshConst.swift; sourceTree = "<group>"; };
		E9C605AF1ABBB9C500752D91 /* RefreshFooterView.swift */ = {isa = PBXFileReference; fileEncoding = 4; lastKnownFileType = sourcecode.swift; path = RefreshFooterView.swift; sourceTree = "<group>"; };
		E9C605B01ABBB9C500752D91 /* RefreshHeaderView.swift */ = {isa = PBXFileReference; fileEncoding = 4; lastKnownFileType = sourcecode.swift; path = RefreshHeaderView.swift; sourceTree = "<group>"; };
		E9C605B11ABBB9C500752D91 /* UIScrollView+Refresh.swift */ = {isa = PBXFileReference; fileEncoding = 4; lastKnownFileType = sourcecode.swift; path = "UIScrollView+Refresh.swift"; sourceTree = "<group>"; };
		E9C70C051AC0FB2100E1CA8D /* MoreViewController.swift */ = {isa = PBXFileReference; fileEncoding = 4; lastKnownFileType = sourcecode.swift; path = MoreViewController.swift; sourceTree = "<group>"; };
		E9C70C071AC1035B00E1CA8D /* IdeaViewController.swift */ = {isa = PBXFileReference; fileEncoding = 4; lastKnownFileType = sourcecode.swift; path = IdeaViewController.swift; sourceTree = "<group>"; };
		E9C70C091AC108AC00E1CA8D /* AboutViewController.swift */ = {isa = PBXFileReference; fileEncoding = 4; lastKnownFileType = sourcecode.swift; path = AboutViewController.swift; sourceTree = "<group>"; };
		E9CC27251B22D9A300056EFC /* RealTimeFinanceViewController.swift */ = {isa = PBXFileReference; fileEncoding = 4; lastKnownFileType = sourcecode.swift; path = RealTimeFinanceViewController.swift; sourceTree = "<group>"; };
		E9D660471AB1313B0020982D /* 盛世财富.app */ = {isa = PBXFileReference; explicitFileType = wrapper.application; includeInIndex = 0; path = "盛世财富.app"; sourceTree = BUILT_PRODUCTS_DIR; };
		E9D6604B1AB1313B0020982D /* Info.plist */ = {isa = PBXFileReference; lastKnownFileType = text.plist.xml; path = Info.plist; sourceTree = "<group>"; };
		E9D6604C1AB1313B0020982D /* AppDelegate.swift */ = {isa = PBXFileReference; lastKnownFileType = sourcecode.swift; path = AppDelegate.swift; sourceTree = "<group>"; };
		E9D6604E1AB1313B0020982D /* LendViewController.swift */ = {isa = PBXFileReference; lastKnownFileType = sourcecode.swift; lineEnding = 0; path = LendViewController.swift; sourceTree = "<group>"; xcLanguageSpecificationIdentifier = xcode.lang.swift; };
		E9D660561AB1313B0020982D /* Base */ = {isa = PBXFileReference; lastKnownFileType = file.xib; name = Base; path = Base.lproj/LaunchScreen.xib; sourceTree = "<group>"; };
		E9D6605C1AB1313B0020982D /* 盛世财富Tests.xctest */ = {isa = PBXFileReference; explicitFileType = wrapper.cfbundle; includeInIndex = 0; path = "盛世财富Tests.xctest"; sourceTree = BUILT_PRODUCTS_DIR; };
		E9D660611AB1313B0020982D /* Info.plist */ = {isa = PBXFileReference; lastKnownFileType = text.plist.xml; path = Info.plist; sourceTree = "<group>"; };
		E9D660621AB1313B0020982D /* ____Tests.swift */ = {isa = PBXFileReference; lastKnownFileType = sourcecode.swift; path = "____Tests.swift"; sourceTree = "<group>"; };
		E9E304031B09A6A90021D006 /* SetPinPasswordViewController.swift */ = {isa = PBXFileReference; fileEncoding = 4; lastKnownFileType = sourcecode.swift; lineEnding = 0; path = SetPinPasswordViewController.swift; sourceTree = "<group>"; xcLanguageSpecificationIdentifier = xcode.lang.swift; };
		E9E304051B09AAD20021D006 /* AccountSafeTableViewController.swift */ = {isa = PBXFileReference; fileEncoding = 4; lastKnownFileType = sourcecode.swift; path = AccountSafeTableViewController.swift; sourceTree = "<group>"; };
		E9E5211E1B05E3D900A41EEA /* YYCycleScrollView.swift */ = {isa = PBXFileReference; fileEncoding = 4; lastKnownFileType = sourcecode.swift; path = YYCycleScrollView.swift; sourceTree = "<group>"; };
		E9E8E9451B0B22FA0074F41A /* ContentViewController.swift */ = {isa = PBXFileReference; fileEncoding = 4; lastKnownFileType = sourcecode.swift; path = ContentViewController.swift; sourceTree = "<group>"; };
		E9EBF63B1B2BC28C009924DD /* CurrentFinancialViewController.swift */ = {isa = PBXFileReference; fileEncoding = 4; lastKnownFileType = sourcecode.swift; path = CurrentFinancialViewController.swift; sourceTree = "<group>"; };
		E9F3DFEF1B0DD53F00F8F3AA /* UIView+Toast.h */ = {isa = PBXFileReference; fileEncoding = 4; lastKnownFileType = sourcecode.c.h; path = "UIView+Toast.h"; sourceTree = "<group>"; };
		E9F3DFF01B0DD53F00F8F3AA /* UIView+Toast.m */ = {isa = PBXFileReference; fileEncoding = 4; lastKnownFileType = sourcecode.c.objc; path = "UIView+Toast.m"; sourceTree = "<group>"; };
		E9FC8DCB1B297C5000C74EED /* NewDetailScrollViewController.swift */ = {isa = PBXFileReference; fileEncoding = 4; lastKnownFileType = sourcecode.swift; path = NewDetailScrollViewController.swift; sourceTree = "<group>"; };
		E9FE8EFA1B2C1EED00747E1C /* area.json */ = {isa = PBXFileReference; fileEncoding = 4; lastKnownFileType = text.json; path = area.json; sourceTree = "<group>"; };
		E9FE8EFC1B2C204200747E1C /* BandBankControllerExtension.swift */ = {isa = PBXFileReference; fileEncoding = 4; lastKnownFileType = sourcecode.swift; path = BandBankControllerExtension.swift; sourceTree = "<group>"; };
		E9FF4D131B228A3F005FCAAA /* NewsDetailViewController.swift */ = {isa = PBXFileReference; fileEncoding = 4; lastKnownFileType = sourcecode.swift; path = NewsDetailViewController.swift; sourceTree = "<group>"; };
/* End PBXFileReference section */

/* Begin PBXFrameworksBuildPhase section */
		E9D660441AB1313B0020982D /* Frameworks */ = {
			isa = PBXFrameworksBuildPhase;
			buildActionMask = 2147483647;
			files = (
				CD0858361B1EED2000A653C2 /* GopayNewPlatformLibraryWeb.framework in Frameworks */,
				CDDCBA271B1EC6D100A4F54B /* BaoFooPay.framework in Frameworks */,
				D8B2511A1B00460B00360F4E /* SystemConfiguration.framework in Frameworks */,
			);
			runOnlyForDeploymentPostprocessing = 0;
		};
		E9D660591AB1313B0020982D /* Frameworks */ = {
			isa = PBXFrameworksBuildPhase;
			buildActionMask = 2147483647;
			files = (
			);
			runOnlyForDeploymentPostprocessing = 0;
		};
/* End PBXFrameworksBuildPhase section */

/* Begin PBXGroup section */
		5906B23A1B0F103F00ADA082 /* LLLockView */ = {
			isa = PBXGroup;
			children = (
				5906B23B1B0F103F00ADA082 /* LLLockConfig.h */,
				5906B23C1B0F103F00ADA082 /* LLLockIndicator.h */,
				5906B23D1B0F103F00ADA082 /* LLLockIndicator.m */,
				5906B23E1B0F103F00ADA082 /* LLLockPassword.h */,
				5906B23F1B0F103F00ADA082 /* LLLockPassword.m */,
				5906B2401B0F103F00ADA082 /* LLLockView.h */,
				5906B2411B0F103F00ADA082 /* LLLockView.m */,
				5906B2421B0F103F00ADA082 /* LLLockViewController.h */,
				5906B2431B0F103F00ADA082 /* LLLockViewController.m */,
				5906B2441B0F103F00ADA082 /* LLLockViewController.xib */,
			);
			path = LLLockView;
			sourceTree = "<group>";
		};
		591FD1241B0C7CF000BFD74D /* AFNetworking */ = {
			isa = PBXGroup;
			children = (
				591FD1251B0C7CF000BFD74D /* AFHTTPRequestOperation.h */,
				591FD1261B0C7CF000BFD74D /* AFHTTPRequestOperation.m */,
				591FD1271B0C7CF000BFD74D /* AFHTTPRequestOperationManager.h */,
				591FD1281B0C7CF000BFD74D /* AFHTTPRequestOperationManager.m */,
				591FD1291B0C7CF000BFD74D /* AFHTTPSessionManager.h */,
				591FD12A1B0C7CF000BFD74D /* AFHTTPSessionManager.m */,
				591FD12B1B0C7CF000BFD74D /* AFNetworking.h */,
				591FD12C1B0C7CF000BFD74D /* AFNetworkReachabilityManager.h */,
				591FD12D1B0C7CF000BFD74D /* AFNetworkReachabilityManager.m */,
				591FD12E1B0C7CF000BFD74D /* AFSecurityPolicy.h */,
				591FD12F1B0C7CF000BFD74D /* AFSecurityPolicy.m */,
				591FD1301B0C7CF000BFD74D /* AFURLConnectionOperation.h */,
				591FD1311B0C7CF000BFD74D /* AFURLConnectionOperation.m */,
				591FD1321B0C7CF000BFD74D /* AFURLRequestSerialization.h */,
				591FD1331B0C7CF000BFD74D /* AFURLRequestSerialization.m */,
				591FD1341B0C7CF000BFD74D /* AFURLResponseSerialization.h */,
				591FD1351B0C7CF000BFD74D /* AFURLResponseSerialization.m */,
				591FD1361B0C7CF000BFD74D /* AFURLSessionManager.h */,
				591FD1371B0C7CF000BFD74D /* AFURLSessionManager.m */,
			);
			path = AFNetworking;
			sourceTree = "<group>";
		};
		592F90691B03249E00B9969B /* DaiDodgeKeyboard */ = {
			isa = PBXGroup;
			children = (
				592F906A1B03249E00B9969B /* DaiDodgeKeyboard+AccessObject.h */,
				592F906B1B03249E00B9969B /* DaiDodgeKeyboard+AccessObject.m */,
				592F906C1B03249E00B9969B /* DaiDodgeKeyboard+Animation.h */,
				592F906D1B03249E00B9969B /* DaiDodgeKeyboard+Animation.m */,
				592F906E1B03249E00B9969B /* DaiDodgeKeyboard.h */,
				592F906F1B03249E00B9969B /* DaiDodgeKeyboard.m */,
				592F90701B03249E00B9969B /* DaiDodgeKeyboardObjects.h */,
				592F90711B03249E00B9969B /* DaiDodgeKeyboardObjects.m */,
				592F90721B03249E00B9969B /* UIView+FirstResponderNotify.h */,
				592F90731B03249E00B9969B /* UIView+FirstResponderNotify.m */,
			);
			path = DaiDodgeKeyboard;
			sourceTree = "<group>";
		};
		CDE0CA641B26A3F70079DB21 /* customerView */ = {
			isa = PBXGroup;
			children = (
				CDE0CA651B26A5980079DB21 /* CircleView.swift */,
			);
			name = customerView;
			sourceTree = "<group>";
		};
		D8B251151B00418900360F4E /* Reachability */ = {
			isa = PBXGroup;
			children = (
				D8B251161B0041AE00360F4E /* Reachability.h */,
				D8B251171B0041AE00360F4E /* Reachability.m */,
			);
			name = Reachability;
			sourceTree = "<group>";
		};
		E91E81301AB27939000C5FD3 /* Views */ = {
			isa = PBXGroup;
			children = (
				E94E95A71B0AD3DD00E717DE /* Main.storyboard */,
				E9D660551AB1313B0020982D /* LaunchScreen.xib */,
			);
			name = Views;
			sourceTree = "<group>";
		};
		E91E81311AB2794D000C5FD3 /* Source */ = {
			isa = PBXGroup;
			children = (
				CDE0CA671B26C4780079DB21 /* Images.xcassets */,
				E90EA25D1ABFA1A5006D22E6 /* 盛世财富-Bridging-Header.h */,
			);
			name = Source;
			sourceTree = "<group>";
		};
		E91E81321AB27956000C5FD3 /* Controllers */ = {
			isa = PBXGroup;
			children = (
				E9EBF63B1B2BC28C009924DD /* CurrentFinancialViewController.swift */,
				E99D36E01B16F29900167132 /* BandBankViewController.swift */,
				E99D36DE1B16F28B00167132 /* BandBankController.swift */,
				E9C70C091AC108AC00E1CA8D /* AboutViewController.swift */,
				E95684F11B06D8FA00F46FF0 /* AccountInfoTableViewController.swift */,
				E9E304051B09AAD20021D006 /* AccountSafeTableViewController.swift */,
				E96B1E721AB6BFB300C61870 /* AllListViewController.swift */,
				E9D6604C1AB1313B0020982D /* AppDelegate.swift */,
				E9C544C31AE8914800B50D8C /* BidConfirmViewController.swift */,
				E9B9EF4B1AC8E00600E46714 /* BidListViewController.swift */,
				59BEC41A1B07124200F5690D /* BidRecordViewController.swift */,
				E9E8E9451B0B22FA0074F41A /* ContentViewController.swift */,
				594200AA1B1324070005E671 /* FindPasswordViewController.swift */,
				594200AB1B1324070005E671 /* GetCashViewController.swift */,
				5906B24A1B0F125E00ADA082 /* HandPasswordViewController.swift */,
				E9C70C071AC1035B00E1CA8D /* IdeaViewController.swift */,
				E93B725D1B070DDE00B28672 /* InvestorSummaryTableViewController.swift */,
				E9C54E051AB7BCD400D4722C /* LendDetailViewController.swift */,
				E9D6604E1AB1313B0020982D /* LendViewController.swift */,
				E90EA27B1ABFAB5D006D22E6 /* LoginViewController.swift */,
				E93714C91B074F79009B9B80 /* ModifyLoginPasswordViewController.swift */,
				E96E52441B0C865800CFD8E2 /* ModifyPhoneStepFirstViewController.swift */,
				E96E52461B0C868900CFD8E2 /* ModifyPhoneStepSecondViewController.swift */,
				E96B2ED11B0833A500B4197B /* ModifyPinPasswordViewController.swift */,
				E9C70C051AC0FB2100E1CA8D /* MoreViewController.swift */,
				E93732B01ACA32F600423B7E /* MyMenuTableViewController.swift */,
				595C8DC41B07317800989977 /* NavigationExtension.swift */,
				594E5B4E1AFA102500218DA5 /* NewPersonCenterViewController.swift */,
				5906B24E1B104C0100ADA082 /* OffLineChargeViewController.swift */,
				E9B370FD1B1046CF00C6766C /* PayLogTableViewController.swift */,
				E977F3F31AC540E7008C2F8A /* RegisterViewController.swift */,
				E9E304031B09A6A90021D006 /* SetPinPasswordViewController.swift */,
				598A77831AF9E48600DE4271 /* TabBarViewController.swift */,
				E9AB8F9F1B12FD55004A77D7 /* UserGuideViewController.swift */,
				59BEC4181B05CD5300F5690D /* UserMoneyViewController.swift */,
				E9608D9E1B1577960025D247 /* VerifyRealNameViewController.swift */,
				CDE4EED11B1DC06D00FB95CA /* NewsTableViewController.swift */,
				CDE4EED31B1DCBF900FB95CA /* IndexTableViewController.swift */,
				CDD3BDFF1B1FF6EB00CE6323 /* FindViewController.swift */,
				CDD3BE011B1FFA9D00CE6323 /* FindResultsViewController.swift */,
				E9FF4D131B228A3F005FCAAA /* NewsDetailViewController.swift */,
				E9CC27251B22D9A300056EFC /* RealTimeFinanceViewController.swift */,
				CDBEF4161B29A4040025FBD4 /* aaTableViewController.swift */,
				E9FC8DCB1B297C5000C74EED /* NewDetailScrollViewController.swift */,
				E9FE8EFC1B2C204200747E1C /* BandBankControllerExtension.swift */,
			);
			name = Controllers;
			sourceTree = "<group>";
		};
		E94E95A01B0AD34F00E717DE /* NJDNumberJump */ = {
			isa = PBXGroup;
			children = (
				E94E95A11B0AD34F00E717DE /* CACustomTextLayer.h */,
				E94E95A21B0AD34F00E717DE /* CACustomTextLayer.m */,
				E94E95A31B0AD34F00E717DE /* NJDBezierCurve.h */,
				E94E95A41B0AD34F00E717DE /* NJDBezierCurve.m */,
			);
			path = NJDNumberJump;
			sourceTree = "<group>";
		};
		E961E1191AC8DCBC0021ED14 /* REMenu */ = {
			isa = PBXGroup;
			children = (
				E961E11A1AC8DCBC0021ED14 /* RECommonFunctions.h */,
				E961E11B1AC8DCBC0021ED14 /* RECommonFunctions.m */,
				E961E11C1AC8DCBC0021ED14 /* REMenu.h */,
				E961E11D1AC8DCBC0021ED14 /* REMenu.m */,
				E961E11E1AC8DCBC0021ED14 /* REMenuContainerView.h */,
				E961E11F1AC8DCBC0021ED14 /* REMenuContainerView.m */,
				E961E1201AC8DCBC0021ED14 /* REMenuItem.h */,
				E961E1211AC8DCBC0021ED14 /* REMenuItem.m */,
				E961E1221AC8DCBC0021ED14 /* REMenuItemView.h */,
				E961E1231AC8DCBC0021ED14 /* REMenuItemView.m */,
			);
			path = REMenu;
			sourceTree = "<group>";
		};
		E96B2F011B08673900B4197B /* MDRadialProgress */ = {
			isa = PBXGroup;
			children = (
				E96B2F021B08673900B4197B /* MDRadialProgressLabel.h */,
				E96B2F031B08673900B4197B /* MDRadialProgressLabel.m */,
				E96B2F041B08673900B4197B /* MDRadialProgressTheme.h */,
				E96B2F051B08673900B4197B /* MDRadialProgressTheme.m */,
				E96B2F061B08673900B4197B /* MDRadialProgressView.h */,
				E96B2F071B08673900B4197B /* MDRadialProgressView.m */,
			);
			path = MDRadialProgress;
			sourceTree = "<group>";
		};
		E9C605AB1ABBB9C500752D91 /* Refresh */ = {
			isa = PBXGroup;
			children = (
				E9C605AC1ABBB9C500752D91 /* Refresh.swift */,
				E9C605AD1ABBB9C500752D91 /* RefreshBaseView.swift */,
				E9C605AE1ABBB9C500752D91 /* RefreshConst.swift */,
				E9C605AF1ABBB9C500752D91 /* RefreshFooterView.swift */,
				E9C605B01ABBB9C500752D91 /* RefreshHeaderView.swift */,
				E9C605B11ABBB9C500752D91 /* UIScrollView+Refresh.swift */,
			);
			path = Refresh;
			sourceTree = "<group>";
		};
		E9D6603E1AB1313B0020982D = {
			isa = PBXGroup;
			children = (
				CD0858351B1EED2000A653C2 /* GopayNewPlatformLibraryWeb.framework */,
				CDDCBA261B1EC6D100A4F54B /* BaoFooPay.framework */,
				E9D660491AB1313B0020982D /* 盛世财富 */,
				E9D6605F1AB1313B0020982D /* 盛世财富Tests */,
				E9D660481AB1313B0020982D /* Products */,
				D8B251191B00460B00360F4E /* SystemConfiguration.framework */,
			);
			sourceTree = "<group>";
		};
		E9D660481AB1313B0020982D /* Products */ = {
			isa = PBXGroup;
			children = (
				E9D660471AB1313B0020982D /* 盛世财富.app */,
				E9D6605C1AB1313B0020982D /* 盛世财富Tests.xctest */,
			);
			name = Products;
			sourceTree = "<group>";
		};
		E9D660491AB1313B0020982D /* 盛世财富 */ = {
			isa = PBXGroup;
			children = (
				E9FDC1461AC3B70F0088B6F5 /* Common */,
				E91E81321AB27956000C5FD3 /* Controllers */,
				E91E81311AB2794D000C5FD3 /* Source */,
				E91E81301AB27939000C5FD3 /* Views */,
				E9D6604A1AB1313B0020982D /* Supporting Files */,
			);
			path = "盛世财富";
			sourceTree = "<group>";
		};
		E9D6604A1AB1313B0020982D /* Supporting Files */ = {
			isa = PBXGroup;
			children = (
				E9D6604B1AB1313B0020982D /* Info.plist */,
				CDD3BE031B1FFD1800CE6323 /* sortednames.plist */,
				E9FE8EFA1B2C1EED00747E1C /* area.json */,
			);
			name = "Supporting Files";
			sourceTree = "<group>";
		};
		E9D6605F1AB1313B0020982D /* 盛世财富Tests */ = {
			isa = PBXGroup;
			children = (
				E9D660621AB1313B0020982D /* ____Tests.swift */,
				E9D660601AB1313B0020982D /* Supporting Files */,
			);
			path = "盛世财富Tests";
			sourceTree = "<group>";
		};
		E9D660601AB1313B0020982D /* Supporting Files */ = {
			isa = PBXGroup;
			children = (
				E9D660611AB1313B0020982D /* Info.plist */,
			);
			name = "Supporting Files";
			sourceTree = "<group>";
		};
		E9F3DFEE1B0DD52200F8F3AA /* Toast */ = {
			isa = PBXGroup;
			children = (
				E9F3DFEF1B0DD53F00F8F3AA /* UIView+Toast.h */,
				E9F3DFF01B0DD53F00F8F3AA /* UIView+Toast.m */,
			);
			name = Toast;
			sourceTree = "<group>";
		};
		E9FDC1461AC3B70F0088B6F5 /* Common */ = {
			isa = PBXGroup;
			children = (
				CDE0CA641B26A3F70079DB21 /* customerView */,
				5906B23A1B0F103F00ADA082 /* LLLockView */,
				E9F3DFEE1B0DD52200F8F3AA /* Toast */,
				E9C605AB1ABBB9C500752D91 /* Refresh */,
				591FD1241B0C7CF000BFD74D /* AFNetworking */,
				E961E1191AC8DCBC0021ED14 /* REMenu */,
				D8B251151B00418900360F4E /* Reachability */,
				E96B2F011B08673900B4197B /* MDRadialProgress */,
				E94E95A01B0AD34F00E717DE /* NJDNumberJump */,
				592F90691B03249E00B9969B /* DaiDodgeKeyboard */,
				E9E5211E1B05E3D900A41EEA /* YYCycleScrollView.swift */,
				592A9F241B035095006B63D9 /* loading.swift */,
				E9BEE1AC1AC24CF10049600C /* HttpController.swift */,
				59D214BA1AFC9AD800677C26 /* AlertView.swift */,
				59C540821B2814DD0061B44C /* EmptyView.swift */,
				E96E52401B0C577800CFD8E2 /* Common.swift */,
			);
			name = Common;
			sourceTree = "<group>";
		};
/* End PBXGroup section */

/* Begin PBXNativeTarget section */
		E9D660461AB1313B0020982D /* 盛世财富 */ = {
			isa = PBXNativeTarget;
			buildConfigurationList = E9D660661AB1313B0020982D /* Build configuration list for PBXNativeTarget "盛世财富" */;
			buildPhases = (
				E9D660441AB1313B0020982D /* Frameworks */,
				E9D660451AB1313B0020982D /* Resources */,
				E9D660431AB1313B0020982D /* Sources */,
			);
			buildRules = (
			);
			dependencies = (
			);
			name = "盛世财富";
			productName = "盛世财富";
			productReference = E9D660471AB1313B0020982D /* 盛世财富.app */;
			productType = "com.apple.product-type.application";
		};
		E9D6605B1AB1313B0020982D /* 盛世财富Tests */ = {
			isa = PBXNativeTarget;
			buildConfigurationList = E9D660691AB1313B0020982D /* Build configuration list for PBXNativeTarget "盛世财富Tests" */;
			buildPhases = (
				E9D660581AB1313B0020982D /* Sources */,
				E9D660591AB1313B0020982D /* Frameworks */,
				E9D6605A1AB1313B0020982D /* Resources */,
			);
			buildRules = (
			);
			dependencies = (
				E9D6605E1AB1313B0020982D /* PBXTargetDependency */,
			);
			name = "盛世财富Tests";
			productName = "盛世财富Tests";
			productReference = E9D6605C1AB1313B0020982D /* 盛世财富Tests.xctest */;
			productType = "com.apple.product-type.bundle.unit-test";
		};
/* End PBXNativeTarget section */

/* Begin PBXProject section */
		E9D6603F1AB1313B0020982D /* Project object */ = {
			isa = PBXProject;
			attributes = {
				LastUpgradeCheck = 0610;
				ORGANIZATIONNAME = sscf88;
				TargetAttributes = {
					E9D660461AB1313B0020982D = {
						CreatedOnToolsVersion = 6.1.1;
						DevelopmentTeam = G7XYYH9B69;
					};
					E9D6605B1AB1313B0020982D = {
						CreatedOnToolsVersion = 6.1.1;
						DevelopmentTeam = G7XYYH9B69;
						TestTargetID = E9D660461AB1313B0020982D;
					};
				};
			};
			buildConfigurationList = E9D660421AB1313B0020982D /* Build configuration list for PBXProject "盛世财富" */;
			compatibilityVersion = "Xcode 3.2";
			developmentRegion = English;
			hasScannedForEncodings = 0;
			knownRegions = (
				en,
				Base,
			);
			mainGroup = E9D6603E1AB1313B0020982D;
			productRefGroup = E9D660481AB1313B0020982D /* Products */;
			projectDirPath = "";
			projectRoot = "";
			targets = (
				E9D660461AB1313B0020982D /* 盛世财富 */,
				E9D6605B1AB1313B0020982D /* 盛世财富Tests */,
			);
		};
/* End PBXProject section */

/* Begin PBXResourcesBuildPhase section */
		E9D660451AB1313B0020982D /* Resources */ = {
			isa = PBXResourcesBuildPhase;
			buildActionMask = 2147483647;
			files = (
				E94E95A81B0AD3DD00E717DE /* Main.storyboard in Resources */,
				CDE0CA681B26C4780079DB21 /* Images.xcassets in Resources */,
				5906B2491B0F103F00ADA082 /* LLLockViewController.xib in Resources */,
				CDD3BE041B1FFD1800CE6323 /* sortednames.plist in Resources */,
				E9FE8EFB1B2C1EED00747E1C /* area.json in Resources */,
				E9D660571AB1313B0020982D /* LaunchScreen.xib in Resources */,
			);
			runOnlyForDeploymentPostprocessing = 0;
		};
		E9D6605A1AB1313B0020982D /* Resources */ = {
			isa = PBXResourcesBuildPhase;
			buildActionMask = 2147483647;
			files = (
			);
			runOnlyForDeploymentPostprocessing = 0;
		};
/* End PBXResourcesBuildPhase section */

/* Begin PBXSourcesBuildPhase section */
		E9D660431AB1313B0020982D /* Sources */ = {
			isa = PBXSourcesBuildPhase;
			buildActionMask = 2147483647;
			files = (
				E96E52411B0C577800CFD8E2 /* Common.swift in Sources */,
				5906B2481B0F103F00ADA082 /* LLLockViewController.m in Sources */,
				E9E304061B09AAD20021D006 /* AccountSafeTableViewController.swift in Sources */,
				E96B2F091B08673900B4197B /* MDRadialProgressTheme.m in Sources */,
				E961E1241AC8DCBC0021ED14 /* RECommonFunctions.m in Sources */,
				E961E1271AC8DCBC0021ED14 /* REMenuItem.m in Sources */,
				E9EBF63C1B2BC28C009924DD /* CurrentFinancialViewController.swift in Sources */,
				E94E95A61B0AD34F00E717DE /* NJDBezierCurve.m in Sources */,
				E9C54E061AB7BCD400D4722C /* LendDetailViewController.swift in Sources */,
				595C8DC51B07317800989977 /* NavigationExtension.swift in Sources */,
				E9F3DFF11B0DD53F00F8F3AA /* UIView+Toast.m in Sources */,
				E9C70C061AC0FB2100E1CA8D /* MoreViewController.swift in Sources */,
				591FD1391B0C7CF000BFD74D /* AFHTTPRequestOperationManager.m in Sources */,
				CDE0CA661B26A5980079DB21 /* CircleView.swift in Sources */,
				E9C544C41AE8914800B50D8C /* BidConfirmViewController.swift in Sources */,
				59BEC4191B05CD5300F5690D /* UserMoneyViewController.swift in Sources */,
				592F90781B03249E00B9969B /* UIView+FirstResponderNotify.m in Sources */,
				592F90771B03249E00B9969B /* DaiDodgeKeyboardObjects.m in Sources */,
				E9C605B41ABBB9C500752D91 /* RefreshConst.swift in Sources */,
				E96B1E731AB6BFB300C61870 /* AllListViewController.swift in Sources */,
				E99D36DF1B16F28B00167132 /* BandBankController.swift in Sources */,
				E961E1281AC8DCBC0021ED14 /* REMenuItemView.m in Sources */,
				594200AD1B1324070005E671 /* GetCashViewController.swift in Sources */,
				E9C605B31ABBB9C500752D91 /* RefreshBaseView.swift in Sources */,
				E9FC8DCC1B297C5000C74EED /* NewDetailScrollViewController.swift in Sources */,
				E93B725E1B070DDE00B28672 /* InvestorSummaryTableViewController.swift in Sources */,
				5906B24F1B104C0100ADA082 /* OffLineChargeViewController.swift in Sources */,
				E93714CA1B074F79009B9B80 /* ModifyLoginPasswordViewController.swift in Sources */,
				E90EA27C1ABFAB5D006D22E6 /* LoginViewController.swift in Sources */,
				E9C605B21ABBB9C500752D91 /* Refresh.swift in Sources */,
				5906B2471B0F103F00ADA082 /* LLLockView.m in Sources */,
				E9C605B51ABBB9C500752D91 /* RefreshFooterView.swift in Sources */,
				CDD3BE021B1FFA9D00CE6323 /* FindResultsViewController.swift in Sources */,
				E9FF4D141B228A3F005FCAAA /* NewsDetailViewController.swift in Sources */,
				E96E52451B0C865800CFD8E2 /* ModifyPhoneStepFirstViewController.swift in Sources */,
				598A77841AF9E48600DE4271 /* TabBarViewController.swift in Sources */,
				E96E52471B0C868900CFD8E2 /* ModifyPhoneStepSecondViewController.swift in Sources */,
				CDE4EED21B1DC06D00FB95CA /* NewsTableViewController.swift in Sources */,
				E9BEE1AD1AC24CF10049600C /* HttpController.swift in Sources */,
				E9E304041B09A6A90021D006 /* SetPinPasswordViewController.swift in Sources */,
				CDD3BE001B1FF6EB00CE6323 /* FindViewController.swift in Sources */,
				E977F3F41AC540E7008C2F8A /* RegisterViewController.swift in Sources */,
				E9E8E9461B0B22FA0074F41A /* ContentViewController.swift in Sources */,
				59C540831B2814DD0061B44C /* EmptyView.swift in Sources */,
				594200AC1B1324070005E671 /* FindPasswordViewController.swift in Sources */,
				591FD13A1B0C7CF000BFD74D /* AFHTTPSessionManager.m in Sources */,
				E9D6604F1AB1313B0020982D /* LendViewController.swift in Sources */,
				594E5B4F1AFA102500218DA5 /* NewPersonCenterViewController.swift in Sources */,
				E9B9EF4C1AC8E00600E46714 /* BidListViewController.swift in Sources */,
				CDBEF4171B29A4040025FBD4 /* aaTableViewController.swift in Sources */,
				592F90741B03249E00B9969B /* DaiDodgeKeyboard+AccessObject.m in Sources */,
				CDE4EED41B1DCBF900FB95CA /* IndexTableViewController.swift in Sources */,
				591FD13E1B0C7CF000BFD74D /* AFURLRequestSerialization.m in Sources */,
				59D214BB1AFC9AD800677C26 /* AlertView.swift in Sources */,
				E9B370FE1B1046CF00C6766C /* PayLogTableViewController.swift in Sources */,
				591FD13F1B0C7CF000BFD74D /* AFURLResponseSerialization.m in Sources */,
				592F90761B03249E00B9969B /* DaiDodgeKeyboard.m in Sources */,
				591FD13D1B0C7CF000BFD74D /* AFURLConnectionOperation.m in Sources */,
				E9FE8EFD1B2C204200747E1C /* BandBankControllerExtension.swift in Sources */,
				59BEC41B1B07124200F5690D /* BidRecordViewController.swift in Sources */,
				592F90751B03249E00B9969B /* DaiDodgeKeyboard+Animation.m in Sources */,
				E93732B11ACA32F600423B7E /* MyMenuTableViewController.swift in Sources */,
				E99D36E11B16F29900167132 /* BandBankViewController.swift in Sources */,
				5906B2451B0F103F00ADA082 /* LLLockIndicator.m in Sources */,
				5906B2461B0F103F00ADA082 /* LLLockPassword.m in Sources */,
				E96B2ED21B0833A500B4197B /* ModifyPinPasswordViewController.swift in Sources */,
				591FD13B1B0C7CF000BFD74D /* AFNetworkReachabilityManager.m in Sources */,
				E94E95A51B0AD34F00E717DE /* CACustomTextLayer.m in Sources */,
				E96B2F0A1B08673900B4197B /* MDRadialProgressView.m in Sources */,
				E9AB8FA01B12FD55004A77D7 /* UserGuideViewController.swift in Sources */,
				E9C605B61ABBB9C500752D91 /* RefreshHeaderView.swift in Sources */,
				E96B2F081B08673900B4197B /* MDRadialProgressLabel.m in Sources */,
				E9C70C0A1AC108AC00E1CA8D /* AboutViewController.swift in Sources */,
				E9D6604D1AB1313B0020982D /* AppDelegate.swift in Sources */,
				591FD1381B0C7CF000BFD74D /* AFHTTPRequestOperation.m in Sources */,
				591FD13C1B0C7CF000BFD74D /* AFSecurityPolicy.m in Sources */,
				592A9F251B035095006B63D9 /* loading.swift in Sources */,
				E9CC27261B22D9A300056EFC /* RealTimeFinanceViewController.swift in Sources */,
				5906B24B1B0F125E00ADA082 /* HandPasswordViewController.swift in Sources */,
				D8B251181B0041AE00360F4E /* Reachability.m in Sources */,
				E961E1261AC8DCBC0021ED14 /* REMenuContainerView.m in Sources */,
				591FD1401B0C7CF000BFD74D /* AFURLSessionManager.m in Sources */,
				E9C70C081AC1035B00E1CA8D /* IdeaViewController.swift in Sources */,
				E9E5211F1B05E3D900A41EEA /* YYCycleScrollView.swift in Sources */,
				E9608D9F1B1577960025D247 /* VerifyRealNameViewController.swift in Sources */,
				E9C605B71ABBB9C500752D91 /* UIScrollView+Refresh.swift in Sources */,
				E961E1251AC8DCBC0021ED14 /* REMenu.m in Sources */,
				E95684F21B06D8FA00F46FF0 /* AccountInfoTableViewController.swift in Sources */,
			);
			runOnlyForDeploymentPostprocessing = 0;
		};
		E9D660581AB1313B0020982D /* Sources */ = {
			isa = PBXSourcesBuildPhase;
			buildActionMask = 2147483647;
			files = (
				E9D660631AB1313B0020982D /* ____Tests.swift in Sources */,
			);
			runOnlyForDeploymentPostprocessing = 0;
		};
/* End PBXSourcesBuildPhase section */

/* Begin PBXTargetDependency section */
		E9D6605E1AB1313B0020982D /* PBXTargetDependency */ = {
			isa = PBXTargetDependency;
			target = E9D660461AB1313B0020982D /* 盛世财富 */;
			targetProxy = E9D6605D1AB1313B0020982D /* PBXContainerItemProxy */;
		};
/* End PBXTargetDependency section */

/* Begin PBXVariantGroup section */
		E9D660551AB1313B0020982D /* LaunchScreen.xib */ = {
			isa = PBXVariantGroup;
			children = (
				E9D660561AB1313B0020982D /* Base */,
			);
			name = LaunchScreen.xib;
			sourceTree = "<group>";
		};
/* End PBXVariantGroup section */

/* Begin XCBuildConfiguration section */
		E9D660641AB1313B0020982D /* Debug */ = {
			isa = XCBuildConfiguration;
			buildSettings = {
				ALWAYS_SEARCH_USER_PATHS = NO;
				CLANG_CXX_LANGUAGE_STANDARD = "gnu++0x";
				CLANG_CXX_LIBRARY = "libc++";
				CLANG_ENABLE_MODULES = YES;
				CLANG_ENABLE_OBJC_ARC = YES;
				CLANG_WARN_BOOL_CONVERSION = YES;
				CLANG_WARN_CONSTANT_CONVERSION = YES;
				CLANG_WARN_DIRECT_OBJC_ISA_USAGE = YES_ERROR;
				CLANG_WARN_EMPTY_BODY = YES;
				CLANG_WARN_ENUM_CONVERSION = YES;
				CLANG_WARN_INT_CONVERSION = YES;
				CLANG_WARN_OBJC_ROOT_CLASS = YES_ERROR;
				CLANG_WARN_UNREACHABLE_CODE = YES;
				CLANG_WARN__DUPLICATE_METHOD_MATCH = YES;
				"CODE_SIGN_IDENTITY[sdk=iphoneos*]" = "iPhone Developer";
				COPY_PHASE_STRIP = NO;
				ENABLE_STRICT_OBJC_MSGSEND = YES;
				GCC_C_LANGUAGE_STANDARD = gnu99;
				GCC_DYNAMIC_NO_PIC = NO;
				GCC_OPTIMIZATION_LEVEL = 0;
				GCC_PREPROCESSOR_DEFINITIONS = (
					"DEBUG=1",
					"$(inherited)",
				);
				GCC_SYMBOLS_PRIVATE_EXTERN = NO;
				GCC_WARN_64_TO_32_BIT_CONVERSION = YES;
				GCC_WARN_ABOUT_RETURN_TYPE = YES_ERROR;
				GCC_WARN_UNDECLARED_SELECTOR = YES;
				GCC_WARN_UNINITIALIZED_AUTOS = YES_AGGRESSIVE;
				GCC_WARN_UNUSED_FUNCTION = YES;
				GCC_WARN_UNUSED_VARIABLE = YES;
				IPHONEOS_DEPLOYMENT_TARGET = 7.0;
				MTL_ENABLE_DEBUG_INFO = YES;
				ONLY_ACTIVE_ARCH = YES;
				SDKROOT = iphoneos;
				SWIFT_OBJC_BRIDGING_HEADER = "盛世财富/盛世财富-Bridging-Header.h";
				SWIFT_OPTIMIZATION_LEVEL = "-Onone";
				TARGETED_DEVICE_FAMILY = "1,2";
			};
			name = Debug;
		};
		E9D660651AB1313B0020982D /* Release */ = {
			isa = XCBuildConfiguration;
			buildSettings = {
				ALWAYS_SEARCH_USER_PATHS = NO;
				CLANG_CXX_LANGUAGE_STANDARD = "gnu++0x";
				CLANG_CXX_LIBRARY = "libc++";
				CLANG_ENABLE_MODULES = YES;
				CLANG_ENABLE_OBJC_ARC = YES;
				CLANG_WARN_BOOL_CONVERSION = YES;
				CLANG_WARN_CONSTANT_CONVERSION = YES;
				CLANG_WARN_DIRECT_OBJC_ISA_USAGE = YES_ERROR;
				CLANG_WARN_EMPTY_BODY = YES;
				CLANG_WARN_ENUM_CONVERSION = YES;
				CLANG_WARN_INT_CONVERSION = YES;
				CLANG_WARN_OBJC_ROOT_CLASS = YES_ERROR;
				CLANG_WARN_UNREACHABLE_CODE = YES;
				CLANG_WARN__DUPLICATE_METHOD_MATCH = YES;
				"CODE_SIGN_IDENTITY[sdk=iphoneos*]" = "iPhone Developer";
				COPY_PHASE_STRIP = YES;
				ENABLE_NS_ASSERTIONS = NO;
				ENABLE_STRICT_OBJC_MSGSEND = YES;
				GCC_C_LANGUAGE_STANDARD = gnu99;
				GCC_WARN_64_TO_32_BIT_CONVERSION = YES;
				GCC_WARN_ABOUT_RETURN_TYPE = YES_ERROR;
				GCC_WARN_UNDECLARED_SELECTOR = YES;
				GCC_WARN_UNINITIALIZED_AUTOS = YES_AGGRESSIVE;
				GCC_WARN_UNUSED_FUNCTION = YES;
				GCC_WARN_UNUSED_VARIABLE = YES;
				IPHONEOS_DEPLOYMENT_TARGET = 7.0;
				MTL_ENABLE_DEBUG_INFO = NO;
				SDKROOT = iphoneos;
				SWIFT_OBJC_BRIDGING_HEADER = "盛世财富/盛世财富-Bridging-Header.h";
				TARGETED_DEVICE_FAMILY = "1,2";
				VALIDATE_PRODUCT = YES;
			};
			name = Release;
		};
		E9D660671AB1313B0020982D /* Debug */ = {
			isa = XCBuildConfiguration;
			buildSettings = {
				ASSETCATALOG_COMPILER_APPICON_NAME = AppIcon;
				CODE_SIGN_IDENTITY = "iPhone Developer";
				"CODE_SIGN_IDENTITY[sdk=iphoneos*]" = "iPhone Developer";
				FRAMEWORK_SEARCH_PATHS = (
					"$(inherited)",
					"$(PROJECT_DIR)",
				);
				INFOPLIST_FILE = "盛世财富/Info.plist";
				IPHONEOS_DEPLOYMENT_TARGET = 7.0;
				LD_RUNPATH_SEARCH_PATHS = "$(inherited) @executable_path/Frameworks";
				PRODUCT_NAME = "盛世财富";
				PROVISIONING_PROFILE = "";
				SWIFT_OBJC_BRIDGING_HEADER = "盛世财富/盛世财富-Bridging-Header.h";
			};
			name = Debug;
		};
		E9D660681AB1313B0020982D /* Release */ = {
			isa = XCBuildConfiguration;
			buildSettings = {
				ASSETCATALOG_COMPILER_APPICON_NAME = AppIcon;
				CODE_SIGN_IDENTITY = "iPhone Developer";
				"CODE_SIGN_IDENTITY[sdk=iphoneos*]" = "iPhone Developer";
				FRAMEWORK_SEARCH_PATHS = (
					"$(inherited)",
					"$(PROJECT_DIR)",
				);
				INFOPLIST_FILE = "盛世财富/Info.plist";
				IPHONEOS_DEPLOYMENT_TARGET = 7.0;
				LD_RUNPATH_SEARCH_PATHS = "$(inherited) @executable_path/Frameworks";
				PRODUCT_NAME = "盛世财富";
				PROVISIONING_PROFILE = "";
				SWIFT_OBJC_BRIDGING_HEADER = "盛世财富/盛世财富-Bridging-Header.h";
			};
			name = Release;
		};
		E9D6606A1AB1313B0020982D /* Debug */ = {
			isa = XCBuildConfiguration;
			buildSettings = {
				BUNDLE_LOADER = "$(TEST_HOST)";
				CODE_SIGN_IDENTITY = "iPhone Developer";
				"CODE_SIGN_IDENTITY[sdk=iphoneos*]" = "iPhone Developer";
				FRAMEWORK_SEARCH_PATHS = (
					"$(SDKROOT)/Developer/Library/Frameworks",
					"$(inherited)",
					"$(PROJECT_DIR)",
				);
				GCC_PREPROCESSOR_DEFINITIONS = (
					"DEBUG=1",
					"$(inherited)",
				);
				INFOPLIST_FILE = "盛世财富Tests/Info.plist";
				LD_RUNPATH_SEARCH_PATHS = "$(inherited) @executable_path/Frameworks @loader_path/Frameworks";
				PRODUCT_NAME = "盛世财富Tests";
				PROVISIONING_PROFILE = "";
				TEST_HOST = "$(BUILT_PRODUCTS_DIR)/盛世财富.app/盛世财富";
			};
			name = Debug;
		};
		E9D6606B1AB1313B0020982D /* Release */ = {
			isa = XCBuildConfiguration;
			buildSettings = {
				BUNDLE_LOADER = "$(TEST_HOST)";
				CODE_SIGN_IDENTITY = "iPhone Developer";
				"CODE_SIGN_IDENTITY[sdk=iphoneos*]" = "iPhone Developer";
				FRAMEWORK_SEARCH_PATHS = (
					"$(SDKROOT)/Developer/Library/Frameworks",
					"$(inherited)",
					"$(PROJECT_DIR)",
				);
				INFOPLIST_FILE = "盛世财富Tests/Info.plist";
				LD_RUNPATH_SEARCH_PATHS = "$(inherited) @executable_path/Frameworks @loader_path/Frameworks";
				PRODUCT_NAME = "盛世财富Tests";
				PROVISIONING_PROFILE = "";
				TEST_HOST = "$(BUILT_PRODUCTS_DIR)/盛世财富.app/盛世财富";
			};
			name = Release;
		};
/* End XCBuildConfiguration section */

/* Begin XCConfigurationList section */
		E9D660421AB1313B0020982D /* Build configuration list for PBXProject "盛世财富" */ = {
			isa = XCConfigurationList;
			buildConfigurations = (
				E9D660641AB1313B0020982D /* Debug */,
				E9D660651AB1313B0020982D /* Release */,
			);
			defaultConfigurationIsVisible = 0;
			defaultConfigurationName = Release;
		};
		E9D660661AB1313B0020982D /* Build configuration list for PBXNativeTarget "盛世财富" */ = {
			isa = XCConfigurationList;
			buildConfigurations = (
				E9D660671AB1313B0020982D /* Debug */,
				E9D660681AB1313B0020982D /* Release */,
			);
			defaultConfigurationIsVisible = 0;
			defaultConfigurationName = Release;
		};
		E9D660691AB1313B0020982D /* Build configuration list for PBXNativeTarget "盛世财富Tests" */ = {
			isa = XCConfigurationList;
			buildConfigurations = (
				E9D6606A1AB1313B0020982D /* Debug */,
				E9D6606B1AB1313B0020982D /* Release */,
			);
			defaultConfigurationIsVisible = 0;
			defaultConfigurationName = Release;
		};
/* End XCConfigurationList section */
	};
	rootObject = E9D6603F1AB1313B0020982D /* Project object */;
}
